// !$*UTF8*$!
{
	archiveVersion = 1;
	classes = {
	};
	objectVersion = 55;
	objects = {

/* Begin PBXBuildFile section */
		A87651C328B3D29E00AFC95D /* AudityAppMobileApp.swift in Sources */ = {isa = PBXBuildFile; fileRef = A87651B328B3D29C00AFC95D /* AudityAppMobileApp.swift */; };
		A87651C428B3D29E00AFC95D /* AudityAppMobileApp.swift in Sources */ = {isa = PBXBuildFile; fileRef = A87651B328B3D29C00AFC95D /* AudityAppMobileApp.swift */; };
		A87651C528B3D29E00AFC95D /* ContentView.swift in Sources */ = {isa = PBXBuildFile; fileRef = A87651B428B3D29C00AFC95D /* ContentView.swift */; };
		A87651C628B3D29E00AFC95D /* ContentView.swift in Sources */ = {isa = PBXBuildFile; fileRef = A87651B428B3D29C00AFC95D /* ContentView.swift */; };
		A87651C728B3D29E00AFC95D /* Assets.xcassets in Resources */ = {isa = PBXBuildFile; fileRef = A87651B528B3D29E00AFC95D /* Assets.xcassets */; };
		A87651C828B3D29E00AFC95D /* Assets.xcassets in Resources */ = {isa = PBXBuildFile; fileRef = A87651B528B3D29E00AFC95D /* Assets.xcassets */; };
		A87651D228B3F06B00AFC95D /* RegisterView.swift in Sources */ = {isa = PBXBuildFile; fileRef = A87651D128B3F06B00AFC95D /* RegisterView.swift */; };
		A87651D528B3F8E100AFC95D /* HomeView.swift in Sources */ = {isa = PBXBuildFile; fileRef = A87651D428B3F8E100AFC95D /* HomeView.swift */; };
		A87651D628B3F8E100AFC95D /* HomeView.swift in Sources */ = {isa = PBXBuildFile; fileRef = A87651D428B3F8E100AFC95D /* HomeView.swift */; };
		A87651D828B420F400AFC95D /* AudioBookView.swift in Sources */ = {isa = PBXBuildFile; fileRef = A87651D728B420F400AFC95D /* AudioBookView.swift */; };
		A87651D928B420F400AFC95D /* AudioBookView.swift in Sources */ = {isa = PBXBuildFile; fileRef = A87651D728B420F400AFC95D /* AudioBookView.swift */; };
		A87651DB28B423AC00AFC95D /* ActionBarMenuView.swift in Sources */ = {isa = PBXBuildFile; fileRef = A87651DA28B423AC00AFC95D /* ActionBarMenuView.swift */; };
		A87651DC28B423AC00AFC95D /* ActionBarMenuView.swift in Sources */ = {isa = PBXBuildFile; fileRef = A87651DA28B423AC00AFC95D /* ActionBarMenuView.swift */; };
		A87651DE28B42E1E00AFC95D /* SplashScreenView.swift in Sources */ = {isa = PBXBuildFile; fileRef = A87651DD28B42E1E00AFC95D /* SplashScreenView.swift */; };
		A87651DF28B42E1E00AFC95D /* SplashScreenView.swift in Sources */ = {isa = PBXBuildFile; fileRef = A87651DD28B42E1E00AFC95D /* SplashScreenView.swift */; };
		A88DCB6F28B4342400E9CD8A /* ReproductorView.swift in Sources */ = {isa = PBXBuildFile; fileRef = A88DCB6E28B4342400E9CD8A /* ReproductorView.swift */; };
		A88DCB7028B4342400E9CD8A /* ReproductorView.swift in Sources */ = {isa = PBXBuildFile; fileRef = A88DCB6E28B4342400E9CD8A /* ReproductorView.swift */; };
		A88DCB7228B52AD500E9CD8A /* MoreInformationView.swift in Sources */ = {isa = PBXBuildFile; fileRef = A88DCB7128B52AD500E9CD8A /* MoreInformationView.swift */; };
		A88DCB7328B52AD500E9CD8A /* MoreInformationView.swift in Sources */ = {isa = PBXBuildFile; fileRef = A88DCB7128B52AD500E9CD8A /* MoreInformationView.swift */; };
		A88DCB7528B5D98200E9CD8A /* ReviewView.swift in Sources */ = {isa = PBXBuildFile; fileRef = A88DCB7428B5D98200E9CD8A /* ReviewView.swift */; };
		A88DCB7628B5D98200E9CD8A /* ReviewView.swift in Sources */ = {isa = PBXBuildFile; fileRef = A88DCB7428B5D98200E9CD8A /* ReviewView.swift */; };
		A88DCB7B28B5E30400E9CD8A /* StarsView.swift in Sources */ = {isa = PBXBuildFile; fileRef = A88DCB7A28B5E30400E9CD8A /* StarsView.swift */; };
		A88DCB7C28B5E30400E9CD8A /* StarsView.swift in Sources */ = {isa = PBXBuildFile; fileRef = A88DCB7A28B5E30400E9CD8A /* StarsView.swift */; };
		A88DCB8128B5E84900E9CD8A /* AddToPlayListReview.swift in Sources */ = {isa = PBXBuildFile; fileRef = A88DCB8028B5E84900E9CD8A /* AddToPlayListReview.swift */; };
		A88DCB8228B5E84900E9CD8A /* AddToPlayListReview.swift in Sources */ = {isa = PBXBuildFile; fileRef = A88DCB8028B5E84900E9CD8A /* AddToPlayListReview.swift */; };
		A88DCB8428B5EDA000E9CD8A /* PlayListView.swift in Sources */ = {isa = PBXBuildFile; fileRef = A88DCB8328B5EDA000E9CD8A /* PlayListView.swift */; };
		A88DCB8528B5EDA000E9CD8A /* PlayListView.swift in Sources */ = {isa = PBXBuildFile; fileRef = A88DCB8328B5EDA000E9CD8A /* PlayListView.swift */; };
		A88DCB8728B5F2BE00E9CD8A /* CreateNewPlayListView.swift in Sources */ = {isa = PBXBuildFile; fileRef = A88DCB8628B5F2BE00E9CD8A /* CreateNewPlayListView.swift */; };
		A88DCB8828B5F2BE00E9CD8A /* CreateNewPlayListView.swift in Sources */ = {isa = PBXBuildFile; fileRef = A88DCB8628B5F2BE00E9CD8A /* CreateNewPlayListView.swift */; };
		A88DCB8A28B5F9AF00E9CD8A /* SettingsView.swift in Sources */ = {isa = PBXBuildFile; fileRef = A88DCB8928B5F9AF00E9CD8A /* SettingsView.swift */; };
		A88DCB8B28B5F9AF00E9CD8A /* SettingsView.swift in Sources */ = {isa = PBXBuildFile; fileRef = A88DCB8928B5F9AF00E9CD8A /* SettingsView.swift */; };
		A88DCB8D28B6026900E9CD8A /* EditProfileView.swift in Sources */ = {isa = PBXBuildFile; fileRef = A88DCB8C28B6026900E9CD8A /* EditProfileView.swift */; };
		A88DCB8E28B6026900E9CD8A /* EditProfileView.swift in Sources */ = {isa = PBXBuildFile; fileRef = A88DCB8C28B6026900E9CD8A /* EditProfileView.swift */; };
		A88DCB9028B68FE400E9CD8A /* SearchView.swift in Sources */ = {isa = PBXBuildFile; fileRef = A88DCB8F28B68FE400E9CD8A /* SearchView.swift */; };
		A88DCB9128B68FE400E9CD8A /* SearchView.swift in Sources */ = {isa = PBXBuildFile; fileRef = A88DCB8F28B68FE400E9CD8A /* SearchView.swift */; };
		A8937BF828C25F3C0019A6A8 /* AudioBookViewModel.swift in Sources */ = {isa = PBXBuildFile; fileRef = A8937BF728C25F3C0019A6A8 /* AudioBookViewModel.swift */; };
		A8937BFA28C261750019A6A8 /* AudioBook.swift in Sources */ = {isa = PBXBuildFile; fileRef = A8937BF928C261750019A6A8 /* AudioBook.swift */; };
		A8937BFE28C262BC0019A6A8 /* Review.swift in Sources */ = {isa = PBXBuildFile; fileRef = A8937BFD28C262BC0019A6A8 /* Review.swift */; };
		A8937C0028C660FC0019A6A8 /* AudioBookInformationView.swift in Sources */ = {isa = PBXBuildFile; fileRef = A8937BFF28C660FC0019A6A8 /* AudioBookInformationView.swift */; };
		A8937C0228C690FF0019A6A8 /* PlaybackControlButton.swift in Sources */ = {isa = PBXBuildFile; fileRef = A8937C0128C690FF0019A6A8 /* PlaybackControlButton.swift */; };
		A8937C0428C6995F0019A6A8 /* Extensions.swift in Sources */ = {isa = PBXBuildFile; fileRef = A8937C0328C6995F0019A6A8 /* Extensions.swift */; };
		A8937C0628C69B460019A6A8 /* AudioManager.swift in Sources */ = {isa = PBXBuildFile; fileRef = A8937C0528C69B460019A6A8 /* AudioManager.swift */; };
		A8937C0E28C7957F0019A6A8 /* NeutralRouter.swift in Sources */ = {isa = PBXBuildFile; fileRef = A8937C0828C7957F0019A6A8 /* NeutralRouter.swift */; };
		A8937C0F28C7957F0019A6A8 /* NavigationStackView.swift in Sources */ = {isa = PBXBuildFile; fileRef = A8937C0928C7957F0019A6A8 /* NavigationStackView.swift */; };
		A8937C1028C7957F0019A6A8 /* NavigationStack.swift in Sources */ = {isa = PBXBuildFile; fileRef = A8937C0A28C7957F0019A6A8 /* NavigationStack.swift */; };
		A8937C1128C7957F0019A6A8 /* PushView.swift in Sources */ = {isa = PBXBuildFile; fileRef = A8937C0B28C7957F0019A6A8 /* PushView.swift */; };
		A8937C1228C7957F0019A6A8 /* PopView.swift in Sources */ = {isa = PBXBuildFile; fileRef = A8937C0C28C7957F0019A6A8 /* PopView.swift */; };
		A8937C1328C7957F0019A6A8 /* Router.swift in Sources */ = {isa = PBXBuildFile; fileRef = A8937C0D28C7957F0019A6A8 /* Router.swift */; };
		A8937C1B28C796030019A6A8 /* MerchantBaseViewModel.swift in Sources */ = {isa = PBXBuildFile; fileRef = A8937C1A28C796030019A6A8 /* MerchantBaseViewModel.swift */; };
		A8937C1D28C796080019A6A8 /* NeutralUIFactory.swift in Sources */ = {isa = PBXBuildFile; fileRef = A8937C1C28C796080019A6A8 /* NeutralUIFactory.swift */; };
		A8937C1F28C7960D0019A6A8 /* CoreApp.swift in Sources */ = {isa = PBXBuildFile; fileRef = A8937C1E28C7960D0019A6A8 /* CoreApp.swift */; };
		A8937C2128C7AA870019A6A8 /* AudioBookListViewModel.swift in Sources */ = {isa = PBXBuildFile; fileRef = A8937C2028C7AA870019A6A8 /* AudioBookListViewModel.swift */; };
		A897489E28B9257E000EB6BC /* LibraryView.swift in Sources */ = {isa = PBXBuildFile; fileRef = A897489D28B9257E000EB6BC /* LibraryView.swift */; };
		A897489F28B9257E000EB6BC /* LibraryView.swift in Sources */ = {isa = PBXBuildFile; fileRef = A897489D28B9257E000EB6BC /* LibraryView.swift */; };
		A89748A428B92B64000EB6BC /* SearchPlayListView.swift in Sources */ = {isa = PBXBuildFile; fileRef = A89748A328B92B64000EB6BC /* SearchPlayListView.swift */; };
		A89748A528B92B64000EB6BC /* SearchPlayListView.swift in Sources */ = {isa = PBXBuildFile; fileRef = A89748A328B92B64000EB6BC /* SearchPlayListView.swift */; };
		A89748A728B92F58000EB6BC /* SplashScreenViewModel.swift in Sources */ = {isa = PBXBuildFile; fileRef = A89748A628B92F58000EB6BC /* SplashScreenViewModel.swift */; };
		A89748A828B92F58000EB6BC /* SplashScreenViewModel.swift in Sources */ = {isa = PBXBuildFile; fileRef = A89748A628B92F58000EB6BC /* SplashScreenViewModel.swift */; };
		A89748B728BAEF41000EB6BC /* GoogleService-Info.plist in Resources */ = {isa = PBXBuildFile; fileRef = A89748B628BAEF41000EB6BC /* GoogleService-Info.plist */; };
		A89748B828BAEF41000EB6BC /* GoogleService-Info.plist in Resources */ = {isa = PBXBuildFile; fileRef = A89748B628BAEF41000EB6BC /* GoogleService-Info.plist */; };
		A89748D028BAFDA6000EB6BC /* FirebaseAppCheck in Frameworks */ = {isa = PBXBuildFile; productRef = A89748CF28BAFDA6000EB6BC /* FirebaseAppCheck */; };
		A89748D228BAFDA6000EB6BC /* FirebaseAppDistribution-Beta in Frameworks */ = {isa = PBXBuildFile; productRef = A89748D128BAFDA6000EB6BC /* FirebaseAppDistribution-Beta */; };
		A89748D428BAFDA6000EB6BC /* FirebaseAuth in Frameworks */ = {isa = PBXBuildFile; productRef = A89748D328BAFDA6000EB6BC /* FirebaseAuth */; };
		A89748D628BAFDA6000EB6BC /* FirebaseAuthCombine-Community in Frameworks */ = {isa = PBXBuildFile; productRef = A89748D528BAFDA6000EB6BC /* FirebaseAuthCombine-Community */; };
		A89748D828BAFDA6000EB6BC /* FirebaseDatabase in Frameworks */ = {isa = PBXBuildFile; productRef = A89748D728BAFDA6000EB6BC /* FirebaseDatabase */; };
		A89748DA28BAFDA6000EB6BC /* FirebaseDatabaseSwift in Frameworks */ = {isa = PBXBuildFile; productRef = A89748D928BAFDA6000EB6BC /* FirebaseDatabaseSwift */; };
		A89748DC28BAFDA6000EB6BC /* FirebaseFirestore in Frameworks */ = {isa = PBXBuildFile; productRef = A89748DB28BAFDA6000EB6BC /* FirebaseFirestore */; };
		A89748DE28BAFDA6000EB6BC /* FirebaseFirestoreCombine-Community in Frameworks */ = {isa = PBXBuildFile; productRef = A89748DD28BAFDA6000EB6BC /* FirebaseFirestoreCombine-Community */; };
		A89748E028BAFDA6000EB6BC /* FirebaseFirestoreSwift in Frameworks */ = {isa = PBXBuildFile; productRef = A89748DF28BAFDA6000EB6BC /* FirebaseFirestoreSwift */; };
		A89748E228BAFDA6000EB6BC /* FirebaseFunctions in Frameworks */ = {isa = PBXBuildFile; productRef = A89748E128BAFDA6000EB6BC /* FirebaseFunctions */; };
		A89748E428BAFDA6000EB6BC /* FirebaseInstallations in Frameworks */ = {isa = PBXBuildFile; productRef = A89748E328BAFDA6000EB6BC /* FirebaseInstallations */; };
		A89748E628BAFDA6000EB6BC /* FirebaseStorage in Frameworks */ = {isa = PBXBuildFile; productRef = A89748E528BAFDA6000EB6BC /* FirebaseStorage */; };
		A89748E828BAFDA6000EB6BC /* FirebaseStorageCombine-Community in Frameworks */ = {isa = PBXBuildFile; productRef = A89748E728BAFDA6000EB6BC /* FirebaseStorageCombine-Community */; };
		A897490F28BEC129000EB6BC /* LoginView.swift in Sources */ = {isa = PBXBuildFile; fileRef = A897490E28BEC129000EB6BC /* LoginView.swift */; };
		A897491228BEC3E0000EB6BC /* UserViewModel.swift in Sources */ = {isa = PBXBuildFile; fileRef = A897491128BEC3E0000EB6BC /* UserViewModel.swift */; };
		A897491A28BF151E000EB6BC /* ForgotPasswordView.swift in Sources */ = {isa = PBXBuildFile; fileRef = A897491928BF151E000EB6BC /* ForgotPasswordView.swift */; };
		A897492028BF2B0E000EB6BC /* User.swift in Sources */ = {isa = PBXBuildFile; fileRef = A897491F28BF2B0E000EB6BC /* User.swift */; };
		A897492328BF3B1D000EB6BC /* GoogleSignIn in Frameworks */ = {isa = PBXBuildFile; productRef = A897492228BF3B1D000EB6BC /* GoogleSignIn */; };
		A897492528BF3B1D000EB6BC /* GoogleSignInSwift in Frameworks */ = {isa = PBXBuildFile; productRef = A897492428BF3B1D000EB6BC /* GoogleSignInSwift */; };
		A8A7258928CB92A600F1EC3B /* Validations.swift in Sources */ = {isa = PBXBuildFile; fileRef = A8A7258828CB92A600F1EC3B /* Validations.swift */; };
		A8A7258B28CE5AEB00F1EC3B /* UIExtras.swift in Sources */ = {isa = PBXBuildFile; fileRef = A8A7258A28CE5AEB00F1EC3B /* UIExtras.swift */; };
		A8A7258D28CE5D0A00F1EC3B /* AudityScreenBuilder.swift in Sources */ = {isa = PBXBuildFile; fileRef = A8A7258C28CE5D0A00F1EC3B /* AudityScreenBuilder.swift */; };
		A8A7258F28CE61FC00F1EC3B /* NeutralScreenType.swift in Sources */ = {isa = PBXBuildFile; fileRef = A8A7258E28CE61FC00F1EC3B /* NeutralScreenType.swift */; };
		A8A7259628CE6A5800F1EC3B /* Resolver in Frameworks */ = {isa = PBXBuildFile; productRef = A8A7259528CE6A5800F1EC3B /* Resolver */; };
		A8A7259828CE6D6300F1EC3B /* NeutralScreenBuilder.swift in Sources */ = {isa = PBXBuildFile; fileRef = A8A7259728CE6D6300F1EC3B /* NeutralScreenBuilder.swift */; };
		A8A7259A28CE71D900F1EC3B /* CancelBag.swift in Sources */ = {isa = PBXBuildFile; fileRef = A8A7259928CE71D900F1EC3B /* CancelBag.swift */; };
/* End PBXBuildFile section */

/* Begin PBXFileReference section */
		A87651B328B3D29C00AFC95D /* AudityAppMobileApp.swift */ = {isa = PBXFileReference; lastKnownFileType = sourcecode.swift; path = AudityAppMobileApp.swift; sourceTree = "<group>"; };
		A87651B428B3D29C00AFC95D /* ContentView.swift */ = {isa = PBXFileReference; lastKnownFileType = sourcecode.swift; path = ContentView.swift; sourceTree = "<group>"; };
		A87651B528B3D29E00AFC95D /* Assets.xcassets */ = {isa = PBXFileReference; lastKnownFileType = folder.assetcatalog; path = Assets.xcassets; sourceTree = "<group>"; };
		A87651BA28B3D29E00AFC95D /* AudityAppMobile.app */ = {isa = PBXFileReference; explicitFileType = wrapper.application; includeInIndex = 0; path = AudityAppMobile.app; sourceTree = BUILT_PRODUCTS_DIR; };
		A87651C028B3D29E00AFC95D /* AudityAppMobile.app */ = {isa = PBXFileReference; explicitFileType = wrapper.application; includeInIndex = 0; path = AudityAppMobile.app; sourceTree = BUILT_PRODUCTS_DIR; };
		A87651C228B3D29E00AFC95D /* macOS.entitlements */ = {isa = PBXFileReference; lastKnownFileType = text.plist.entitlements; path = macOS.entitlements; sourceTree = "<group>"; };
		A87651D128B3F06B00AFC95D /* RegisterView.swift */ = {isa = PBXFileReference; lastKnownFileType = sourcecode.swift; path = RegisterView.swift; sourceTree = "<group>"; };
		A87651D428B3F8E100AFC95D /* HomeView.swift */ = {isa = PBXFileReference; lastKnownFileType = sourcecode.swift; path = HomeView.swift; sourceTree = "<group>"; };
		A87651D728B420F400AFC95D /* AudioBookView.swift */ = {isa = PBXFileReference; lastKnownFileType = sourcecode.swift; path = AudioBookView.swift; sourceTree = "<group>"; };
		A87651DA28B423AC00AFC95D /* ActionBarMenuView.swift */ = {isa = PBXFileReference; lastKnownFileType = sourcecode.swift; path = ActionBarMenuView.swift; sourceTree = "<group>"; };
		A87651DD28B42E1E00AFC95D /* SplashScreenView.swift */ = {isa = PBXFileReference; lastKnownFileType = sourcecode.swift; path = SplashScreenView.swift; sourceTree = "<group>"; };
		A88DCB6E28B4342400E9CD8A /* ReproductorView.swift */ = {isa = PBXFileReference; lastKnownFileType = sourcecode.swift; path = ReproductorView.swift; sourceTree = "<group>"; };
		A88DCB7128B52AD500E9CD8A /* MoreInformationView.swift */ = {isa = PBXFileReference; lastKnownFileType = sourcecode.swift; path = MoreInformationView.swift; sourceTree = "<group>"; };
		A88DCB7428B5D98200E9CD8A /* ReviewView.swift */ = {isa = PBXFileReference; lastKnownFileType = sourcecode.swift; path = ReviewView.swift; sourceTree = "<group>"; };
		A88DCB7A28B5E30400E9CD8A /* StarsView.swift */ = {isa = PBXFileReference; lastKnownFileType = sourcecode.swift; path = StarsView.swift; sourceTree = "<group>"; };
		A88DCB8028B5E84900E9CD8A /* AddToPlayListReview.swift */ = {isa = PBXFileReference; lastKnownFileType = sourcecode.swift; path = AddToPlayListReview.swift; sourceTree = "<group>"; };
		A88DCB8328B5EDA000E9CD8A /* PlayListView.swift */ = {isa = PBXFileReference; lastKnownFileType = sourcecode.swift; path = PlayListView.swift; sourceTree = "<group>"; };
		A88DCB8628B5F2BE00E9CD8A /* CreateNewPlayListView.swift */ = {isa = PBXFileReference; lastKnownFileType = sourcecode.swift; path = CreateNewPlayListView.swift; sourceTree = "<group>"; };
		A88DCB8928B5F9AF00E9CD8A /* SettingsView.swift */ = {isa = PBXFileReference; lastKnownFileType = sourcecode.swift; path = SettingsView.swift; sourceTree = "<group>"; };
		A88DCB8C28B6026900E9CD8A /* EditProfileView.swift */ = {isa = PBXFileReference; lastKnownFileType = sourcecode.swift; path = EditProfileView.swift; sourceTree = "<group>"; };
		A88DCB8F28B68FE400E9CD8A /* SearchView.swift */ = {isa = PBXFileReference; lastKnownFileType = sourcecode.swift; path = SearchView.swift; sourceTree = "<group>"; };
		A8937BF728C25F3C0019A6A8 /* AudioBookViewModel.swift */ = {isa = PBXFileReference; lastKnownFileType = sourcecode.swift; path = AudioBookViewModel.swift; sourceTree = "<group>"; };
		A8937BF928C261750019A6A8 /* AudioBook.swift */ = {isa = PBXFileReference; lastKnownFileType = sourcecode.swift; path = AudioBook.swift; sourceTree = "<group>"; };
		A8937BFD28C262BC0019A6A8 /* Review.swift */ = {isa = PBXFileReference; lastKnownFileType = sourcecode.swift; path = Review.swift; sourceTree = "<group>"; };
		A8937BFF28C660FC0019A6A8 /* AudioBookInformationView.swift */ = {isa = PBXFileReference; lastKnownFileType = sourcecode.swift; path = AudioBookInformationView.swift; sourceTree = "<group>"; };
		A8937C0128C690FF0019A6A8 /* PlaybackControlButton.swift */ = {isa = PBXFileReference; lastKnownFileType = sourcecode.swift; path = PlaybackControlButton.swift; sourceTree = "<group>"; };
		A8937C0328C6995F0019A6A8 /* Extensions.swift */ = {isa = PBXFileReference; lastKnownFileType = sourcecode.swift; path = Extensions.swift; sourceTree = "<group>"; };
		A8937C0528C69B460019A6A8 /* AudioManager.swift */ = {isa = PBXFileReference; lastKnownFileType = sourcecode.swift; path = AudioManager.swift; sourceTree = "<group>"; };
		A8937C0828C7957F0019A6A8 /* NeutralRouter.swift */ = {isa = PBXFileReference; fileEncoding = 4; lastKnownFileType = sourcecode.swift; path = NeutralRouter.swift; sourceTree = "<group>"; };
		A8937C0928C7957F0019A6A8 /* NavigationStackView.swift */ = {isa = PBXFileReference; fileEncoding = 4; lastKnownFileType = sourcecode.swift; path = NavigationStackView.swift; sourceTree = "<group>"; };
		A8937C0A28C7957F0019A6A8 /* NavigationStack.swift */ = {isa = PBXFileReference; fileEncoding = 4; lastKnownFileType = sourcecode.swift; path = NavigationStack.swift; sourceTree = "<group>"; };
		A8937C0B28C7957F0019A6A8 /* PushView.swift */ = {isa = PBXFileReference; fileEncoding = 4; lastKnownFileType = sourcecode.swift; path = PushView.swift; sourceTree = "<group>"; };
		A8937C0C28C7957F0019A6A8 /* PopView.swift */ = {isa = PBXFileReference; fileEncoding = 4; lastKnownFileType = sourcecode.swift; path = PopView.swift; sourceTree = "<group>"; };
		A8937C0D28C7957F0019A6A8 /* Router.swift */ = {isa = PBXFileReference; fileEncoding = 4; lastKnownFileType = sourcecode.swift; path = Router.swift; sourceTree = "<group>"; };
		A8937C1A28C796030019A6A8 /* MerchantBaseViewModel.swift */ = {isa = PBXFileReference; fileEncoding = 4; lastKnownFileType = sourcecode.swift; path = MerchantBaseViewModel.swift; sourceTree = "<group>"; };
		A8937C1C28C796080019A6A8 /* NeutralUIFactory.swift */ = {isa = PBXFileReference; fileEncoding = 4; lastKnownFileType = sourcecode.swift; path = NeutralUIFactory.swift; sourceTree = "<group>"; };
		A8937C1E28C7960D0019A6A8 /* CoreApp.swift */ = {isa = PBXFileReference; fileEncoding = 4; lastKnownFileType = sourcecode.swift; path = CoreApp.swift; sourceTree = "<group>"; };
		A8937C2028C7AA870019A6A8 /* AudioBookListViewModel.swift */ = {isa = PBXFileReference; lastKnownFileType = sourcecode.swift; path = AudioBookListViewModel.swift; sourceTree = "<group>"; };
		A897489D28B9257E000EB6BC /* LibraryView.swift */ = {isa = PBXFileReference; lastKnownFileType = sourcecode.swift; path = LibraryView.swift; sourceTree = "<group>"; };
		A89748A328B92B64000EB6BC /* SearchPlayListView.swift */ = {isa = PBXFileReference; lastKnownFileType = sourcecode.swift; path = SearchPlayListView.swift; sourceTree = "<group>"; };
		A89748A628B92F58000EB6BC /* SplashScreenViewModel.swift */ = {isa = PBXFileReference; lastKnownFileType = sourcecode.swift; path = SplashScreenViewModel.swift; sourceTree = "<group>"; };
		A89748B628BAEF41000EB6BC /* GoogleService-Info.plist */ = {isa = PBXFileReference; fileEncoding = 4; lastKnownFileType = text.plist.xml; path = "GoogleService-Info.plist"; sourceTree = "<group>"; };
		A897490E28BEC129000EB6BC /* LoginView.swift */ = {isa = PBXFileReference; lastKnownFileType = sourcecode.swift; path = LoginView.swift; sourceTree = "<group>"; };
		A897491128BEC3E0000EB6BC /* UserViewModel.swift */ = {isa = PBXFileReference; lastKnownFileType = sourcecode.swift; path = UserViewModel.swift; sourceTree = "<group>"; };
		A897491928BF151E000EB6BC /* ForgotPasswordView.swift */ = {isa = PBXFileReference; lastKnownFileType = sourcecode.swift; path = ForgotPasswordView.swift; sourceTree = "<group>"; };
		A897491F28BF2B0E000EB6BC /* User.swift */ = {isa = PBXFileReference; lastKnownFileType = sourcecode.swift; path = User.swift; sourceTree = "<group>"; };
		A897492628BF3F8B000EB6BC /* AudityAppMobile--iOS--Info.plist */ = {isa = PBXFileReference; lastKnownFileType = text.plist; path = "AudityAppMobile--iOS--Info.plist"; sourceTree = "<group>"; };
		A8A7258828CB92A600F1EC3B /* Validations.swift */ = {isa = PBXFileReference; lastKnownFileType = sourcecode.swift; path = Validations.swift; sourceTree = "<group>"; };
		A8A7258A28CE5AEB00F1EC3B /* UIExtras.swift */ = {isa = PBXFileReference; fileEncoding = 4; lastKnownFileType = sourcecode.swift; path = UIExtras.swift; sourceTree = "<group>"; };
		A8A7258C28CE5D0A00F1EC3B /* AudityScreenBuilder.swift */ = {isa = PBXFileReference; fileEncoding = 4; lastKnownFileType = sourcecode.swift; path = AudityScreenBuilder.swift; sourceTree = "<group>"; };
		A8A7258E28CE61FC00F1EC3B /* NeutralScreenType.swift */ = {isa = PBXFileReference; fileEncoding = 4; lastKnownFileType = sourcecode.swift; path = NeutralScreenType.swift; sourceTree = "<group>"; };
		A8A7259728CE6D6300F1EC3B /* NeutralScreenBuilder.swift */ = {isa = PBXFileReference; fileEncoding = 4; lastKnownFileType = sourcecode.swift; path = NeutralScreenBuilder.swift; sourceTree = "<group>"; };
		A8A7259928CE71D900F1EC3B /* CancelBag.swift */ = {isa = PBXFileReference; fileEncoding = 4; lastKnownFileType = sourcecode.swift; path = CancelBag.swift; sourceTree = "<group>"; };
/* End PBXFileReference section */

/* Begin PBXFrameworksBuildPhase section */
		A87651B728B3D29E00AFC95D /* Frameworks */ = {
			isa = PBXFrameworksBuildPhase;
			buildActionMask = 2147483647;
			files = (
				A897492528BF3B1D000EB6BC /* GoogleSignInSwift in Frameworks */,
				A89748E428BAFDA6000EB6BC /* FirebaseInstallations in Frameworks */,
				A89748DA28BAFDA6000EB6BC /* FirebaseDatabaseSwift in Frameworks */,
				A89748DE28BAFDA6000EB6BC /* FirebaseFirestoreCombine-Community in Frameworks */,
				A89748E828BAFDA6000EB6BC /* FirebaseStorageCombine-Community in Frameworks */,
				A89748D828BAFDA6000EB6BC /* FirebaseDatabase in Frameworks */,
				A89748D028BAFDA6000EB6BC /* FirebaseAppCheck in Frameworks */,
				A89748E628BAFDA6000EB6BC /* FirebaseStorage in Frameworks */,
				A89748D428BAFDA6000EB6BC /* FirebaseAuth in Frameworks */,
				A89748D228BAFDA6000EB6BC /* FirebaseAppDistribution-Beta in Frameworks */,
				A8A7259628CE6A5800F1EC3B /* Resolver in Frameworks */,
				A89748D628BAFDA6000EB6BC /* FirebaseAuthCombine-Community in Frameworks */,
				A89748E228BAFDA6000EB6BC /* FirebaseFunctions in Frameworks */,
				A89748DC28BAFDA6000EB6BC /* FirebaseFirestore in Frameworks */,
				A89748E028BAFDA6000EB6BC /* FirebaseFirestoreSwift in Frameworks */,
				A897492328BF3B1D000EB6BC /* GoogleSignIn in Frameworks */,
			);
			runOnlyForDeploymentPostprocessing = 0;
		};
		A87651BD28B3D29E00AFC95D /* Frameworks */ = {
			isa = PBXFrameworksBuildPhase;
			buildActionMask = 2147483647;
			files = (
			);
			runOnlyForDeploymentPostprocessing = 0;
		};
/* End PBXFrameworksBuildPhase section */

/* Begin PBXGroup section */
		A87651AD28B3D29C00AFC95D = {
			isa = PBXGroup;
			children = (
				A897492628BF3F8B000EB6BC /* AudityAppMobile--iOS--Info.plist */,
				A897491328BF11D4000EB6BC /* Firebase */,
				A897490B28BE93A4000EB6BC /* Model */,
				A8937C0728C7957F0019A6A8 /* Navigation */,
				A8A7258728CB928C00F1EC3B /* Validation */,
				A87651B228B3D29C00AFC95D /* Shared */,
				A87651C128B3D29E00AFC95D /* macOS */,
				A87651BB28B3D29E00AFC95D /* Products */,
			);
			sourceTree = "<group>";
		};
		A87651B228B3D29C00AFC95D /* Shared */ = {
			isa = PBXGroup;
			children = (
				A89748B628BAEF41000EB6BC /* GoogleService-Info.plist */,
				A87651B328B3D29C00AFC95D /* AudityAppMobileApp.swift */,
				A87651B428B3D29C00AFC95D /* ContentView.swift */,
				A87651D428B3F8E100AFC95D /* HomeView.swift */,
				A87651D728B420F400AFC95D /* AudioBookView.swift */,
				A87651DA28B423AC00AFC95D /* ActionBarMenuView.swift */,
				A87651B528B3D29E00AFC95D /* Assets.xcassets */,
				A87651DD28B42E1E00AFC95D /* SplashScreenView.swift */,
				A88DCB6E28B4342400E9CD8A /* ReproductorView.swift */,
				A88DCB7128B52AD500E9CD8A /* MoreInformationView.swift */,
				A88DCB7428B5D98200E9CD8A /* ReviewView.swift */,
				A88DCB7A28B5E30400E9CD8A /* StarsView.swift */,
				A88DCB8028B5E84900E9CD8A /* AddToPlayListReview.swift */,
				A88DCB8328B5EDA000E9CD8A /* PlayListView.swift */,
				A88DCB8628B5F2BE00E9CD8A /* CreateNewPlayListView.swift */,
				A88DCB8928B5F9AF00E9CD8A /* SettingsView.swift */,
				A88DCB8C28B6026900E9CD8A /* EditProfileView.swift */,
				A88DCB8F28B68FE400E9CD8A /* SearchView.swift */,
				A897489D28B9257E000EB6BC /* LibraryView.swift */,
				A89748A328B92B64000EB6BC /* SearchPlayListView.swift */,
				A89748A628B92F58000EB6BC /* SplashScreenViewModel.swift */,
				A8937BFF28C660FC0019A6A8 /* AudioBookInformationView.swift */,
				A8937C0128C690FF0019A6A8 /* PlaybackControlButton.swift */,
				A8937C0328C6995F0019A6A8 /* Extensions.swift */,
				A8937C0528C69B460019A6A8 /* AudioManager.swift */,
			);
			path = Shared;
			sourceTree = "<group>";
		};
		A87651BB28B3D29E00AFC95D /* Products */ = {
			isa = PBXGroup;
			children = (
				A87651BA28B3D29E00AFC95D /* AudityAppMobile.app */,
				A87651C028B3D29E00AFC95D /* AudityAppMobile.app */,
			);
			name = Products;
			sourceTree = "<group>";
		};
		A87651C128B3D29E00AFC95D /* macOS */ = {
			isa = PBXGroup;
			children = (
				A87651C228B3D29E00AFC95D /* macOS.entitlements */,
			);
			path = macOS;
			sourceTree = "<group>";
		};
		A8937BF628C25F200019A6A8 /* ViewModel */ = {
			isa = PBXGroup;
			children = (
				A8937BF728C25F3C0019A6A8 /* AudioBookViewModel.swift */,
				A8937C2028C7AA870019A6A8 /* AudioBookListViewModel.swift */,
			);
			path = ViewModel;
			sourceTree = "<group>";
		};
		A8937C0728C7957F0019A6A8 /* Navigation */ = {
			isa = PBXGroup;
			children = (
				A8A7259928CE71D900F1EC3B /* CancelBag.swift */,
				A8A7259728CE6D6300F1EC3B /* NeutralScreenBuilder.swift */,
				A8A7258E28CE61FC00F1EC3B /* NeutralScreenType.swift */,
				A8A7258C28CE5D0A00F1EC3B /* AudityScreenBuilder.swift */,
				A8A7258A28CE5AEB00F1EC3B /* UIExtras.swift */,
				A8937C1E28C7960D0019A6A8 /* CoreApp.swift */,
				A8937C1C28C796080019A6A8 /* NeutralUIFactory.swift */,
				A8937C1A28C796030019A6A8 /* MerchantBaseViewModel.swift */,
				A8937C0828C7957F0019A6A8 /* NeutralRouter.swift */,
				A8937C0928C7957F0019A6A8 /* NavigationStackView.swift */,
				A8937C0A28C7957F0019A6A8 /* NavigationStack.swift */,
				A8937C0B28C7957F0019A6A8 /* PushView.swift */,
				A8937C0C28C7957F0019A6A8 /* PopView.swift */,
				A8937C0D28C7957F0019A6A8 /* Router.swift */,
			);
			path = Navigation;
			sourceTree = "<group>";
		};
		A897490B28BE93A4000EB6BC /* Model */ = {
			isa = PBXGroup;
			children = (
				A8937BF628C25F200019A6A8 /* ViewModel */,
				A897491F28BF2B0E000EB6BC /* User.swift */,
				A8937BF928C261750019A6A8 /* AudioBook.swift */,
				A8937BFD28C262BC0019A6A8 /* Review.swift */,
			);
			name = Model;
			sourceTree = "<group>";
		};
		A897491328BF11D4000EB6BC /* Firebase */ = {
			isa = PBXGroup;
			children = (
				A897491628BF1205000EB6BC /* Views */,
				A897491428BF11E7000EB6BC /* Auth */,
			);
			name = Firebase;
			sourceTree = "<group>";
		};
		A897491428BF11E7000EB6BC /* Auth */ = {
			isa = PBXGroup;
			children = (
				A897491128BEC3E0000EB6BC /* UserViewModel.swift */,
			);
			path = Auth;
			sourceTree = "<group>";
		};
		A897491628BF1205000EB6BC /* Views */ = {
			isa = PBXGroup;
			children = (
				A897490E28BEC129000EB6BC /* LoginView.swift */,
				A87651D128B3F06B00AFC95D /* RegisterView.swift */,
				A897491928BF151E000EB6BC /* ForgotPasswordView.swift */,
			);
			name = Views;
			sourceTree = "<group>";
		};
		A8A7258728CB928C00F1EC3B /* Validation */ = {
			isa = PBXGroup;
			children = (
				A8A7258828CB92A600F1EC3B /* Validations.swift */,
			);
			name = Validation;
			sourceTree = "<group>";
		};
/* End PBXGroup section */

/* Begin PBXNativeTarget section */
		A87651B928B3D29E00AFC95D /* AudityAppMobile (iOS) */ = {
			isa = PBXNativeTarget;
			buildConfigurationList = A87651CB28B3D29E00AFC95D /* Build configuration list for PBXNativeTarget "AudityAppMobile (iOS)" */;
			buildPhases = (
				A87651B628B3D29E00AFC95D /* Sources */,
				A87651B728B3D29E00AFC95D /* Frameworks */,
				A87651B828B3D29E00AFC95D /* Resources */,
			);
			buildRules = (
			);
			dependencies = (
			);
			name = "AudityAppMobile (iOS)";
			packageProductDependencies = (
				A89748CF28BAFDA6000EB6BC /* FirebaseAppCheck */,
				A89748D128BAFDA6000EB6BC /* FirebaseAppDistribution-Beta */,
				A89748D328BAFDA6000EB6BC /* FirebaseAuth */,
				A89748D528BAFDA6000EB6BC /* FirebaseAuthCombine-Community */,
				A89748D728BAFDA6000EB6BC /* FirebaseDatabase */,
				A89748D928BAFDA6000EB6BC /* FirebaseDatabaseSwift */,
				A89748DB28BAFDA6000EB6BC /* FirebaseFirestore */,
				A89748DD28BAFDA6000EB6BC /* FirebaseFirestoreCombine-Community */,
				A89748DF28BAFDA6000EB6BC /* FirebaseFirestoreSwift */,
				A89748E128BAFDA6000EB6BC /* FirebaseFunctions */,
				A89748E328BAFDA6000EB6BC /* FirebaseInstallations */,
				A89748E528BAFDA6000EB6BC /* FirebaseStorage */,
				A89748E728BAFDA6000EB6BC /* FirebaseStorageCombine-Community */,
				A897492228BF3B1D000EB6BC /* GoogleSignIn */,
				A897492428BF3B1D000EB6BC /* GoogleSignInSwift */,
				A8A7259528CE6A5800F1EC3B /* Resolver */,
			);
			productName = "AudityAppMobile (iOS)";
			productReference = A87651BA28B3D29E00AFC95D /* AudityAppMobile.app */;
			productType = "com.apple.product-type.application";
		};
		A87651BF28B3D29E00AFC95D /* AudityAppMobile (macOS) */ = {
			isa = PBXNativeTarget;
			buildConfigurationList = A87651CE28B3D29E00AFC95D /* Build configuration list for PBXNativeTarget "AudityAppMobile (macOS)" */;
			buildPhases = (
				A87651BC28B3D29E00AFC95D /* Sources */,
				A87651BD28B3D29E00AFC95D /* Frameworks */,
				A87651BE28B3D29E00AFC95D /* Resources */,
			);
			buildRules = (
			);
			dependencies = (
			);
			name = "AudityAppMobile (macOS)";
			productName = "AudityAppMobile (macOS)";
			productReference = A87651C028B3D29E00AFC95D /* AudityAppMobile.app */;
			productType = "com.apple.product-type.application";
		};
/* End PBXNativeTarget section */

/* Begin PBXProject section */
		A87651AE28B3D29C00AFC95D /* Project object */ = {
			isa = PBXProject;
			attributes = {
				BuildIndependentTargetsInParallel = 1;
				LastSwiftUpdateCheck = 1320;
				LastUpgradeCheck = 1320;
				TargetAttributes = {
					A87651B928B3D29E00AFC95D = {
						CreatedOnToolsVersion = 13.2.1;
					};
					A87651BF28B3D29E00AFC95D = {
						CreatedOnToolsVersion = 13.2.1;
					};
				};
			};
			buildConfigurationList = A87651B128B3D29C00AFC95D /* Build configuration list for PBXProject "AudityAppMobile" */;
			compatibilityVersion = "Xcode 13.0";
			developmentRegion = en;
			hasScannedForEncodings = 0;
			knownRegions = (
				en,
				Base,
			);
			mainGroup = A87651AD28B3D29C00AFC95D;
			packageReferences = (
				A89748CE28BAFDA6000EB6BC /* XCRemoteSwiftPackageReference "firebase-ios-sdk" */,
				A897492128BF3B1D000EB6BC /* XCRemoteSwiftPackageReference "GoogleSignIn-iOS" */,
				A8A7259428CE6A5800F1EC3B /* XCRemoteSwiftPackageReference "Resolver" */,
			);
			productRefGroup = A87651BB28B3D29E00AFC95D /* Products */;
			projectDirPath = "";
			projectRoot = "";
			targets = (
				A87651B928B3D29E00AFC95D /* AudityAppMobile (iOS) */,
				A87651BF28B3D29E00AFC95D /* AudityAppMobile (macOS) */,
			);
		};
/* End PBXProject section */

/* Begin PBXResourcesBuildPhase section */
		A87651B828B3D29E00AFC95D /* Resources */ = {
			isa = PBXResourcesBuildPhase;
			buildActionMask = 2147483647;
			files = (
				A87651C728B3D29E00AFC95D /* Assets.xcassets in Resources */,
				A89748B728BAEF41000EB6BC /* GoogleService-Info.plist in Resources */,
			);
			runOnlyForDeploymentPostprocessing = 0;
		};
		A87651BE28B3D29E00AFC95D /* Resources */ = {
			isa = PBXResourcesBuildPhase;
			buildActionMask = 2147483647;
			files = (
				A87651C828B3D29E00AFC95D /* Assets.xcassets in Resources */,
				A89748B828BAEF41000EB6BC /* GoogleService-Info.plist in Resources */,
			);
			runOnlyForDeploymentPostprocessing = 0;
		};
/* End PBXResourcesBuildPhase section */

/* Begin PBXSourcesBuildPhase section */
		A87651B628B3D29E00AFC95D /* Sources */ = {
			isa = PBXSourcesBuildPhase;
			buildActionMask = 2147483647;
			files = (
				A8A7258F28CE61FC00F1EC3B /* NeutralScreenType.swift in Sources */,
				A8937C1028C7957F0019A6A8 /* NavigationStack.swift in Sources */,
				A8937BFA28C261750019A6A8 /* AudioBook.swift in Sources */,
				A8A7258B28CE5AEB00F1EC3B /* UIExtras.swift in Sources */,
				A88DCB7528B5D98200E9CD8A /* ReviewView.swift in Sources */,
				A8A7259828CE6D6300F1EC3B /* NeutralScreenBuilder.swift in Sources */,
				A8A7258D28CE5D0A00F1EC3B /* AudityScreenBuilder.swift in Sources */,
				A897491228BEC3E0000EB6BC /* UserViewModel.swift in Sources */,
				A8A7259A28CE71D900F1EC3B /* CancelBag.swift in Sources */,
				A8A7258928CB92A600F1EC3B /* Validations.swift in Sources */,
				A88DCB8D28B6026900E9CD8A /* EditProfileView.swift in Sources */,
				A897492028BF2B0E000EB6BC /* User.swift in Sources */,
				A8937C1328C7957F0019A6A8 /* Router.swift in Sources */,
				A8937BF828C25F3C0019A6A8 /* AudioBookViewModel.swift in Sources */,
				A87651DE28B42E1E00AFC95D /* SplashScreenView.swift in Sources */,
				A8937C2128C7AA870019A6A8 /* AudioBookListViewModel.swift in Sources */,
				A8937C1128C7957F0019A6A8 /* PushView.swift in Sources */,
				A88DCB8728B5F2BE00E9CD8A /* CreateNewPlayListView.swift in Sources */,
				A897490F28BEC129000EB6BC /* LoginView.swift in Sources */,
				A8937C0F28C7957F0019A6A8 /* NavigationStackView.swift in Sources */,
				A8937BFE28C262BC0019A6A8 /* Review.swift in Sources */,
				A87651D228B3F06B00AFC95D /* RegisterView.swift in Sources */,
				A88DCB7228B52AD500E9CD8A /* MoreInformationView.swift in Sources */,
				A8937C1D28C796080019A6A8 /* NeutralUIFactory.swift in Sources */,
				A897491A28BF151E000EB6BC /* ForgotPasswordView.swift in Sources */,
				A8937C0E28C7957F0019A6A8 /* NeutralRouter.swift in Sources */,
				A87651DB28B423AC00AFC95D /* ActionBarMenuView.swift in Sources */,
				A88DCB8428B5EDA000E9CD8A /* PlayListView.swift in Sources */,
				A8937C1228C7957F0019A6A8 /* PopView.swift in Sources */,
				A87651D528B3F8E100AFC95D /* HomeView.swift in Sources */,
				A88DCB9028B68FE400E9CD8A /* SearchView.swift in Sources */,
				A89748A728B92F58000EB6BC /* SplashScreenViewModel.swift in Sources */,
				A8937C0428C6995F0019A6A8 /* Extensions.swift in Sources */,
				A88DCB8A28B5F9AF00E9CD8A /* SettingsView.swift in Sources */,
				A8937C1F28C7960D0019A6A8 /* CoreApp.swift in Sources */,
				A8937C1B28C796030019A6A8 /* MerchantBaseViewModel.swift in Sources */,
				A88DCB6F28B4342400E9CD8A /* ReproductorView.swift in Sources */,
				A87651C528B3D29E00AFC95D /* ContentView.swift in Sources */,
				A8937C0228C690FF0019A6A8 /* PlaybackControlButton.swift in Sources */,
				A87651D828B420F400AFC95D /* AudioBookView.swift in Sources */,
				A88DCB8128B5E84900E9CD8A /* AddToPlayListReview.swift in Sources */,
				A8937C0628C69B460019A6A8 /* AudioManager.swift in Sources */,
				A897489E28B9257E000EB6BC /* LibraryView.swift in Sources */,
				A88DCB7B28B5E30400E9CD8A /* StarsView.swift in Sources */,
				A8937C0028C660FC0019A6A8 /* AudioBookInformationView.swift in Sources */,
				A89748A428B92B64000EB6BC /* SearchPlayListView.swift in Sources */,
				A87651C328B3D29E00AFC95D /* AudityAppMobileApp.swift in Sources */,
			);
			runOnlyForDeploymentPostprocessing = 0;
		};
		A87651BC28B3D29E00AFC95D /* Sources */ = {
			isa = PBXSourcesBuildPhase;
			buildActionMask = 2147483647;
			files = (
				A88DCB7628B5D98200E9CD8A /* ReviewView.swift in Sources */,
				A88DCB8E28B6026900E9CD8A /* EditProfileView.swift in Sources */,
				A87651DF28B42E1E00AFC95D /* SplashScreenView.swift in Sources */,
				A88DCB8828B5F2BE00E9CD8A /* CreateNewPlayListView.swift in Sources */,
				A88DCB7328B52AD500E9CD8A /* MoreInformationView.swift in Sources */,
				A87651DC28B423AC00AFC95D /* ActionBarMenuView.swift in Sources */,
				A88DCB8528B5EDA000E9CD8A /* PlayListView.swift in Sources */,
				A87651D628B3F8E100AFC95D /* HomeView.swift in Sources */,
				A88DCB9128B68FE400E9CD8A /* SearchView.swift in Sources */,
				A89748A828B92F58000EB6BC /* SplashScreenViewModel.swift in Sources */,
				A88DCB8B28B5F9AF00E9CD8A /* SettingsView.swift in Sources */,
				A88DCB7028B4342400E9CD8A /* ReproductorView.swift in Sources */,
				A87651C628B3D29E00AFC95D /* ContentView.swift in Sources */,
				A87651D928B420F400AFC95D /* AudioBookView.swift in Sources */,
				A88DCB8228B5E84900E9CD8A /* AddToPlayListReview.swift in Sources */,
				A897489F28B9257E000EB6BC /* LibraryView.swift in Sources */,
				A88DCB7C28B5E30400E9CD8A /* StarsView.swift in Sources */,
				A89748A528B92B64000EB6BC /* SearchPlayListView.swift in Sources */,
				A87651C428B3D29E00AFC95D /* AudityAppMobileApp.swift in Sources */,
			);
			runOnlyForDeploymentPostprocessing = 0;
		};
/* End PBXSourcesBuildPhase section */

/* Begin XCBuildConfiguration section */
		A87651C928B3D29E00AFC95D /* Debug */ = {
			isa = XCBuildConfiguration;
			buildSettings = {
				ALWAYS_SEARCH_USER_PATHS = NO;
				CLANG_ANALYZER_NONNULL = YES;
				CLANG_ANALYZER_NUMBER_OBJECT_CONVERSION = YES_AGGRESSIVE;
				CLANG_CXX_LANGUAGE_STANDARD = "gnu++17";
				CLANG_CXX_LIBRARY = "libc++";
				CLANG_ENABLE_MODULES = YES;
				CLANG_ENABLE_OBJC_ARC = YES;
				CLANG_ENABLE_OBJC_WEAK = YES;
				CLANG_WARN_BLOCK_CAPTURE_AUTORELEASING = YES;
				CLANG_WARN_BOOL_CONVERSION = YES;
				CLANG_WARN_COMMA = YES;
				CLANG_WARN_CONSTANT_CONVERSION = YES;
				CLANG_WARN_DEPRECATED_OBJC_IMPLEMENTATIONS = YES;
				CLANG_WARN_DIRECT_OBJC_ISA_USAGE = YES_ERROR;
				CLANG_WARN_DOCUMENTATION_COMMENTS = YES;
				CLANG_WARN_EMPTY_BODY = YES;
				CLANG_WARN_ENUM_CONVERSION = YES;
				CLANG_WARN_INFINITE_RECURSION = YES;
				CLANG_WARN_INT_CONVERSION = YES;
				CLANG_WARN_NON_LITERAL_NULL_CONVERSION = YES;
				CLANG_WARN_OBJC_IMPLICIT_RETAIN_SELF = YES;
				CLANG_WARN_OBJC_LITERAL_CONVERSION = YES;
				CLANG_WARN_OBJC_ROOT_CLASS = YES_ERROR;
				CLANG_WARN_QUOTED_INCLUDE_IN_FRAMEWORK_HEADER = YES;
				CLANG_WARN_RANGE_LOOP_ANALYSIS = YES;
				CLANG_WARN_STRICT_PROTOTYPES = YES;
				CLANG_WARN_SUSPICIOUS_MOVE = YES;
				CLANG_WARN_UNGUARDED_AVAILABILITY = YES_AGGRESSIVE;
				CLANG_WARN_UNREACHABLE_CODE = YES;
				CLANG_WARN__DUPLICATE_METHOD_MATCH = YES;
				COPY_PHASE_STRIP = NO;
				DEBUG_INFORMATION_FORMAT = dwarf;
				ENABLE_STRICT_OBJC_MSGSEND = YES;
				ENABLE_TESTABILITY = YES;
				GCC_C_LANGUAGE_STANDARD = gnu11;
				GCC_DYNAMIC_NO_PIC = NO;
				GCC_NO_COMMON_BLOCKS = YES;
				GCC_OPTIMIZATION_LEVEL = 0;
				GCC_PREPROCESSOR_DEFINITIONS = (
					"DEBUG=1",
					"$(inherited)",
				);
				GCC_WARN_64_TO_32_BIT_CONVERSION = YES;
				GCC_WARN_ABOUT_RETURN_TYPE = YES_ERROR;
				GCC_WARN_UNDECLARED_SELECTOR = YES;
				GCC_WARN_UNINITIALIZED_AUTOS = YES_AGGRESSIVE;
				GCC_WARN_UNUSED_FUNCTION = YES;
				GCC_WARN_UNUSED_VARIABLE = YES;
				MTL_ENABLE_DEBUG_INFO = INCLUDE_SOURCE;
				MTL_FAST_MATH = YES;
				ONLY_ACTIVE_ARCH = YES;
				SWIFT_ACTIVE_COMPILATION_CONDITIONS = DEBUG;
				SWIFT_OPTIMIZATION_LEVEL = "-Onone";
			};
			name = Debug;
		};
		A87651CA28B3D29E00AFC95D /* Release */ = {
			isa = XCBuildConfiguration;
			buildSettings = {
				ALWAYS_SEARCH_USER_PATHS = NO;
				CLANG_ANALYZER_NONNULL = YES;
				CLANG_ANALYZER_NUMBER_OBJECT_CONVERSION = YES_AGGRESSIVE;
				CLANG_CXX_LANGUAGE_STANDARD = "gnu++17";
				CLANG_CXX_LIBRARY = "libc++";
				CLANG_ENABLE_MODULES = YES;
				CLANG_ENABLE_OBJC_ARC = YES;
				CLANG_ENABLE_OBJC_WEAK = YES;
				CLANG_WARN_BLOCK_CAPTURE_AUTORELEASING = YES;
				CLANG_WARN_BOOL_CONVERSION = YES;
				CLANG_WARN_COMMA = YES;
				CLANG_WARN_CONSTANT_CONVERSION = YES;
				CLANG_WARN_DEPRECATED_OBJC_IMPLEMENTATIONS = YES;
				CLANG_WARN_DIRECT_OBJC_ISA_USAGE = YES_ERROR;
				CLANG_WARN_DOCUMENTATION_COMMENTS = YES;
				CLANG_WARN_EMPTY_BODY = YES;
				CLANG_WARN_ENUM_CONVERSION = YES;
				CLANG_WARN_INFINITE_RECURSION = YES;
				CLANG_WARN_INT_CONVERSION = YES;
				CLANG_WARN_NON_LITERAL_NULL_CONVERSION = YES;
				CLANG_WARN_OBJC_IMPLICIT_RETAIN_SELF = YES;
				CLANG_WARN_OBJC_LITERAL_CONVERSION = YES;
				CLANG_WARN_OBJC_ROOT_CLASS = YES_ERROR;
				CLANG_WARN_QUOTED_INCLUDE_IN_FRAMEWORK_HEADER = YES;
				CLANG_WARN_RANGE_LOOP_ANALYSIS = YES;
				CLANG_WARN_STRICT_PROTOTYPES = YES;
				CLANG_WARN_SUSPICIOUS_MOVE = YES;
				CLANG_WARN_UNGUARDED_AVAILABILITY = YES_AGGRESSIVE;
				CLANG_WARN_UNREACHABLE_CODE = YES;
				CLANG_WARN__DUPLICATE_METHOD_MATCH = YES;
				COPY_PHASE_STRIP = NO;
				DEBUG_INFORMATION_FORMAT = "dwarf-with-dsym";
				ENABLE_NS_ASSERTIONS = NO;
				ENABLE_STRICT_OBJC_MSGSEND = YES;
				GCC_C_LANGUAGE_STANDARD = gnu11;
				GCC_NO_COMMON_BLOCKS = YES;
				GCC_WARN_64_TO_32_BIT_CONVERSION = YES;
				GCC_WARN_ABOUT_RETURN_TYPE = YES_ERROR;
				GCC_WARN_UNDECLARED_SELECTOR = YES;
				GCC_WARN_UNINITIALIZED_AUTOS = YES_AGGRESSIVE;
				GCC_WARN_UNUSED_FUNCTION = YES;
				GCC_WARN_UNUSED_VARIABLE = YES;
				MTL_ENABLE_DEBUG_INFO = NO;
				MTL_FAST_MATH = YES;
				SWIFT_COMPILATION_MODE = wholemodule;
				SWIFT_OPTIMIZATION_LEVEL = "-O";
			};
			name = Release;
		};
		A87651CC28B3D29E00AFC95D /* Debug */ = {
			isa = XCBuildConfiguration;
			buildSettings = {
				ASSETCATALOG_COMPILER_APPICON_NAME = AppIcon;
				ASSETCATALOG_COMPILER_GLOBAL_ACCENT_COLOR_NAME = AccentColor;
				CODE_SIGN_STYLE = Automatic;
				CURRENT_PROJECT_VERSION = 1;
				ENABLE_PREVIEWS = YES;
				GENERATE_INFOPLIST_FILE = YES;
				INFOPLIST_FILE = "AudityAppMobile--iOS--Info.plist";
				INFOPLIST_KEY_UIApplicationSceneManifest_Generation = YES;
				INFOPLIST_KEY_UIApplicationSupportsIndirectInputEvents = YES;
				INFOPLIST_KEY_UILaunchScreen_Generation = YES;
				INFOPLIST_KEY_UISupportedInterfaceOrientations_iPad = "UIInterfaceOrientationPortrait UIInterfaceOrientationPortraitUpsideDown UIInterfaceOrientationLandscapeLeft UIInterfaceOrientationLandscapeRight";
				INFOPLIST_KEY_UISupportedInterfaceOrientations_iPhone = "UIInterfaceOrientationPortrait UIInterfaceOrientationLandscapeLeft UIInterfaceOrientationLandscapeRight";
				IPHONEOS_DEPLOYMENT_TARGET = 15.2;
				LD_RUNPATH_SEARCH_PATHS = (
					"$(inherited)",
					"@executable_path/Frameworks",
				);
				MARKETING_VERSION = 1.0;
				PRODUCT_BUNDLE_IDENTIFIER = com.thesis.audity.AudityAppMobile;
				PRODUCT_NAME = AudityAppMobile;
				SDKROOT = iphoneos;
				SWIFT_EMIT_LOC_STRINGS = YES;
				SWIFT_VERSION = 5.0;
				TARGETED_DEVICE_FAMILY = "1,2";
			};
			name = Debug;
		};
		A87651CD28B3D29E00AFC95D /* Release */ = {
			isa = XCBuildConfiguration;
			buildSettings = {
				ASSETCATALOG_COMPILER_APPICON_NAME = AppIcon;
				ASSETCATALOG_COMPILER_GLOBAL_ACCENT_COLOR_NAME = AccentColor;
				CODE_SIGN_STYLE = Automatic;
				CURRENT_PROJECT_VERSION = 1;
				ENABLE_PREVIEWS = YES;
				GENERATE_INFOPLIST_FILE = YES;
				INFOPLIST_FILE = "AudityAppMobile--iOS--Info.plist";
				INFOPLIST_KEY_UIApplicationSceneManifest_Generation = YES;
				INFOPLIST_KEY_UIApplicationSupportsIndirectInputEvents = YES;
				INFOPLIST_KEY_UILaunchScreen_Generation = YES;
				INFOPLIST_KEY_UISupportedInterfaceOrientations_iPad = "UIInterfaceOrientationPortrait UIInterfaceOrientationPortraitUpsideDown UIInterfaceOrientationLandscapeLeft UIInterfaceOrientationLandscapeRight";
				INFOPLIST_KEY_UISupportedInterfaceOrientations_iPhone = "UIInterfaceOrientationPortrait UIInterfaceOrientationLandscapeLeft UIInterfaceOrientationLandscapeRight";
				IPHONEOS_DEPLOYMENT_TARGET = 15.2;
				LD_RUNPATH_SEARCH_PATHS = (
					"$(inherited)",
					"@executable_path/Frameworks",
				);
				MARKETING_VERSION = 1.0;
				PRODUCT_BUNDLE_IDENTIFIER = com.thesis.audity.AudityAppMobile;
				PRODUCT_NAME = AudityAppMobile;
				SDKROOT = iphoneos;
				SWIFT_EMIT_LOC_STRINGS = YES;
				SWIFT_VERSION = 5.0;
				TARGETED_DEVICE_FAMILY = "1,2";
				VALIDATE_PRODUCT = YES;
			};
			name = Release;
		};
		A87651CF28B3D29E00AFC95D /* Debug */ = {
			isa = XCBuildConfiguration;
			buildSettings = {
				ASSETCATALOG_COMPILER_APPICON_NAME = AppIcon;
				ASSETCATALOG_COMPILER_GLOBAL_ACCENT_COLOR_NAME = AccentColor;
				CODE_SIGN_ENTITLEMENTS = macOS/macOS.entitlements;
				CODE_SIGN_STYLE = Automatic;
				COMBINE_HIDPI_IMAGES = YES;
				CURRENT_PROJECT_VERSION = 1;
				ENABLE_PREVIEWS = YES;
				GENERATE_INFOPLIST_FILE = YES;
				INFOPLIST_KEY_NSHumanReadableCopyright = "";
				LD_RUNPATH_SEARCH_PATHS = (
					"$(inherited)",
					"@executable_path/../Frameworks",
				);
				MACOSX_DEPLOYMENT_TARGET = 11.4;
				MARKETING_VERSION = 1.0;
				PRODUCT_BUNDLE_IDENTIFIER = com.thesis.audity.AudityAppMobile;
				PRODUCT_NAME = AudityAppMobile;
				SDKROOT = macosx;
				SWIFT_EMIT_LOC_STRINGS = YES;
				SWIFT_VERSION = 5.0;
			};
			name = Debug;
		};
		A87651D028B3D29E00AFC95D /* Release */ = {
			isa = XCBuildConfiguration;
			buildSettings = {
				ASSETCATALOG_COMPILER_APPICON_NAME = AppIcon;
				ASSETCATALOG_COMPILER_GLOBAL_ACCENT_COLOR_NAME = AccentColor;
				CODE_SIGN_ENTITLEMENTS = macOS/macOS.entitlements;
				CODE_SIGN_STYLE = Automatic;
				COMBINE_HIDPI_IMAGES = YES;
				CURRENT_PROJECT_VERSION = 1;
				ENABLE_PREVIEWS = YES;
				GENERATE_INFOPLIST_FILE = YES;
				INFOPLIST_KEY_NSHumanReadableCopyright = "";
				LD_RUNPATH_SEARCH_PATHS = (
					"$(inherited)",
					"@executable_path/../Frameworks",
				);
				MACOSX_DEPLOYMENT_TARGET = 11.4;
				MARKETING_VERSION = 1.0;
				PRODUCT_BUNDLE_IDENTIFIER = com.thesis.audity.AudityAppMobile;
				PRODUCT_NAME = AudityAppMobile;
				SDKROOT = macosx;
				SWIFT_EMIT_LOC_STRINGS = YES;
				SWIFT_VERSION = 5.0;
			};
			name = Release;
		};
/* End XCBuildConfiguration section */

/* Begin XCConfigurationList section */
		A87651B128B3D29C00AFC95D /* Build configuration list for PBXProject "AudityAppMobile" */ = {
			isa = XCConfigurationList;
			buildConfigurations = (
				A87651C928B3D29E00AFC95D /* Debug */,
				A87651CA28B3D29E00AFC95D /* Release */,
			);
			defaultConfigurationIsVisible = 0;
			defaultConfigurationName = Release;
		};
		A87651CB28B3D29E00AFC95D /* Build configuration list for PBXNativeTarget "AudityAppMobile (iOS)" */ = {
			isa = XCConfigurationList;
			buildConfigurations = (
				A87651CC28B3D29E00AFC95D /* Debug */,
				A87651CD28B3D29E00AFC95D /* Release */,
			);
			defaultConfigurationIsVisible = 0;
			defaultConfigurationName = Release;
		};
		A87651CE28B3D29E00AFC95D /* Build configuration list for PBXNativeTarget "AudityAppMobile (macOS)" */ = {
			isa = XCConfigurationList;
			buildConfigurations = (
				A87651CF28B3D29E00AFC95D /* Debug */,
				A87651D028B3D29E00AFC95D /* Release */,
			);
			defaultConfigurationIsVisible = 0;
			defaultConfigurationName = Release;
		};
/* End XCConfigurationList section */

/* Begin XCRemoteSwiftPackageReference section */
		A89748CE28BAFDA6000EB6BC /* XCRemoteSwiftPackageReference "firebase-ios-sdk" */ = {
			isa = XCRemoteSwiftPackageReference;
			repositoryURL = "https://github.com/firebase/firebase-ios-sdk";
			requirement = {
				kind = upToNextMajorVersion;
				minimumVersion = 9.0.0;
			};
		};
		A897492128BF3B1D000EB6BC /* XCRemoteSwiftPackageReference "GoogleSignIn-iOS" */ = {
			isa = XCRemoteSwiftPackageReference;
			repositoryURL = "https://github.com/google/GoogleSignIn-iOS";
			requirement = {
				kind = upToNextMajorVersion;
				minimumVersion = 6.0.0;
			};
		};
		A8A7259428CE6A5800F1EC3B /* XCRemoteSwiftPackageReference "Resolver" */ = {
			isa = XCRemoteSwiftPackageReference;
			repositoryURL = "https://github.com/hmlongco/Resolver.git";
			requirement = {
				kind = upToNextMajorVersion;
				minimumVersion = 1.0.0;
			};
		};
/* End XCRemoteSwiftPackageReference section */

/* Begin XCSwiftPackageProductDependency section */
		A89748CF28BAFDA6000EB6BC /* FirebaseAppCheck */ = {
			isa = XCSwiftPackageProductDependency;
			package = A89748CE28BAFDA6000EB6BC /* XCRemoteSwiftPackageReference "firebase-ios-sdk" */;
			productName = FirebaseAppCheck;
		};
		A89748D128BAFDA6000EB6BC /* FirebaseAppDistribution-Beta */ = {
			isa = XCSwiftPackageProductDependency;
			package = A89748CE28BAFDA6000EB6BC /* XCRemoteSwiftPackageReference "firebase-ios-sdk" */;
			productName = "FirebaseAppDistribution-Beta";
		};
		A89748D328BAFDA6000EB6BC /* FirebaseAuth */ = {
			isa = XCSwiftPackageProductDependency;
			package = A89748CE28BAFDA6000EB6BC /* XCRemoteSwiftPackageReference "firebase-ios-sdk" */;
			productName = FirebaseAuth;
		};
		A89748D528BAFDA6000EB6BC /* FirebaseAuthCombine-Community */ = {
			isa = XCSwiftPackageProductDependency;
			package = A89748CE28BAFDA6000EB6BC /* XCRemoteSwiftPackageReference "firebase-ios-sdk" */;
			productName = "FirebaseAuthCombine-Community";
		};
		A89748D728BAFDA6000EB6BC /* FirebaseDatabase */ = {
			isa = XCSwiftPackageProductDependency;
			package = A89748CE28BAFDA6000EB6BC /* XCRemoteSwiftPackageReference "firebase-ios-sdk" */;
			productName = FirebaseDatabase;
		};
		A89748D928BAFDA6000EB6BC /* FirebaseDatabaseSwift */ = {
			isa = XCSwiftPackageProductDependency;
			package = A89748CE28BAFDA6000EB6BC /* XCRemoteSwiftPackageReference "firebase-ios-sdk" */;
			productName = FirebaseDatabaseSwift;
		};
		A89748DB28BAFDA6000EB6BC /* FirebaseFirestore */ = {
			isa = XCSwiftPackageProductDependency;
			package = A89748CE28BAFDA6000EB6BC /* XCRemoteSwiftPackageReference "firebase-ios-sdk" */;
			productName = FirebaseFirestore;
		};
		A89748DD28BAFDA6000EB6BC /* FirebaseFirestoreCombine-Community */ = {
			isa = XCSwiftPackageProductDependency;
			package = A89748CE28BAFDA6000EB6BC /* XCRemoteSwiftPackageReference "firebase-ios-sdk" */;
			productName = "FirebaseFirestoreCombine-Community";
		};
		A89748DF28BAFDA6000EB6BC /* FirebaseFirestoreSwift */ = {
			isa = XCSwiftPackageProductDependency;
			package = A89748CE28BAFDA6000EB6BC /* XCRemoteSwiftPackageReference "firebase-ios-sdk" */;
			productName = FirebaseFirestoreSwift;
		};
		A89748E128BAFDA6000EB6BC /* FirebaseFunctions */ = {
			isa = XCSwiftPackageProductDependency;
			package = A89748CE28BAFDA6000EB6BC /* XCRemoteSwiftPackageReference "firebase-ios-sdk" */;
			productName = FirebaseFunctions;
		};
		A89748E328BAFDA6000EB6BC /* FirebaseInstallations */ = {
			isa = XCSwiftPackageProductDependency;
			package = A89748CE28BAFDA6000EB6BC /* XCRemoteSwiftPackageReference "firebase-ios-sdk" */;
			productName = FirebaseInstallations;
		};
		A89748E528BAFDA6000EB6BC /* FirebaseStorage */ = {
			isa = XCSwiftPackageProductDependency;
			package = A89748CE28BAFDA6000EB6BC /* XCRemoteSwiftPackageReference "firebase-ios-sdk" */;
			productName = FirebaseStorage;
		};
		A89748E728BAFDA6000EB6BC /* FirebaseStorageCombine-Community */ = {
			isa = XCSwiftPackageProductDependency;
			package = A89748CE28BAFDA6000EB6BC /* XCRemoteSwiftPackageReference "firebase-ios-sdk" */;
			productName = "FirebaseStorageCombine-Community";
		};
		A897492228BF3B1D000EB6BC /* GoogleSignIn */ = {
			isa = XCSwiftPackageProductDependency;
			package = A897492128BF3B1D000EB6BC /* XCRemoteSwiftPackageReference "GoogleSignIn-iOS" */;
			productName = GoogleSignIn;
		};
		A897492428BF3B1D000EB6BC /* GoogleSignInSwift */ = {
			isa = XCSwiftPackageProductDependency;
			package = A897492128BF3B1D000EB6BC /* XCRemoteSwiftPackageReference "GoogleSignIn-iOS" */;
			productName = GoogleSignInSwift;
		};
		A8A7259528CE6A5800F1EC3B /* Resolver */ = {
			isa = XCSwiftPackageProductDependency;
			package = A8A7259428CE6A5800F1EC3B /* XCRemoteSwiftPackageReference "Resolver" */;
			productName = Resolver;
		};
/* End XCSwiftPackageProductDependency section */
	};
	rootObject = A87651AE28B3D29C00AFC95D /* Project object */;
}
