// !$*UTF8*$!
{
	archiveVersion = 1;
	classes = {
	};
	objectVersion = 55;
	objects = {

/* Begin PBXBuildFile section */
		A87651C328B3D29E00AFC95D /* AudityAppMobileApp.swift in Sources */ = {isa = PBXBuildFile; fileRef = A87651B328B3D29C00AFC95D /* AudityAppMobileApp.swift */; };
		A87651C428B3D29E00AFC95D /* AudityAppMobileApp.swift in Sources */ = {isa = PBXBuildFile; fileRef = A87651B328B3D29C00AFC95D /* AudityAppMobileApp.swift */; };
		A87651C528B3D29E00AFC95D /* ContentView.swift in Sources */ = {isa = PBXBuildFile; fileRef = A87651B428B3D29C00AFC95D /* ContentView.swift */; };
		A87651C628B3D29E00AFC95D /* ContentView.swift in Sources */ = {isa = PBXBuildFile; fileRef = A87651B428B3D29C00AFC95D /* ContentView.swift */; };
		A87651C728B3D29E00AFC95D /* Assets.xcassets in Resources */ = {isa = PBXBuildFile; fileRef = A87651B528B3D29E00AFC95D /* Assets.xcassets */; };
		A87651C828B3D29E00AFC95D /* Assets.xcassets in Resources */ = {isa = PBXBuildFile; fileRef = A87651B528B3D29E00AFC95D /* Assets.xcassets */; };
		A87651D228B3F06B00AFC95D /* RegisterView.swift in Sources */ = {isa = PBXBuildFile; fileRef = A87651D128B3F06B00AFC95D /* RegisterView.swift */; };
		A87651D328B3F06B00AFC95D /* RegisterView.swift in Sources */ = {isa = PBXBuildFile; fileRef = A87651D128B3F06B00AFC95D /* RegisterView.swift */; };
		A87651D528B3F8E100AFC95D /* HomeView.swift in Sources */ = {isa = PBXBuildFile; fileRef = A87651D428B3F8E100AFC95D /* HomeView.swift */; };
		A87651D628B3F8E100AFC95D /* HomeView.swift in Sources */ = {isa = PBXBuildFile; fileRef = A87651D428B3F8E100AFC95D /* HomeView.swift */; };
		A87651D828B420F400AFC95D /* AudioBookView.swift in Sources */ = {isa = PBXBuildFile; fileRef = A87651D728B420F400AFC95D /* AudioBookView.swift */; };
		A87651D928B420F400AFC95D /* AudioBookView.swift in Sources */ = {isa = PBXBuildFile; fileRef = A87651D728B420F400AFC95D /* AudioBookView.swift */; };
		A87651DB28B423AC00AFC95D /* ActionBarMenuView.swift in Sources */ = {isa = PBXBuildFile; fileRef = A87651DA28B423AC00AFC95D /* ActionBarMenuView.swift */; };
		A87651DC28B423AC00AFC95D /* ActionBarMenuView.swift in Sources */ = {isa = PBXBuildFile; fileRef = A87651DA28B423AC00AFC95D /* ActionBarMenuView.swift */; };
		A87651DE28B42E1E00AFC95D /* SplashScreenView.swift in Sources */ = {isa = PBXBuildFile; fileRef = A87651DD28B42E1E00AFC95D /* SplashScreenView.swift */; };
		A87651DF28B42E1E00AFC95D /* SplashScreenView.swift in Sources */ = {isa = PBXBuildFile; fileRef = A87651DD28B42E1E00AFC95D /* SplashScreenView.swift */; };
		A88DCB6F28B4342400E9CD8A /* ReproductorView.swift in Sources */ = {isa = PBXBuildFile; fileRef = A88DCB6E28B4342400E9CD8A /* ReproductorView.swift */; };
		A88DCB7028B4342400E9CD8A /* ReproductorView.swift in Sources */ = {isa = PBXBuildFile; fileRef = A88DCB6E28B4342400E9CD8A /* ReproductorView.swift */; };
		A88DCB7228B52AD500E9CD8A /* MoreInformationView.swift in Sources */ = {isa = PBXBuildFile; fileRef = A88DCB7128B52AD500E9CD8A /* MoreInformationView.swift */; };
		A88DCB7328B52AD500E9CD8A /* MoreInformationView.swift in Sources */ = {isa = PBXBuildFile; fileRef = A88DCB7128B52AD500E9CD8A /* MoreInformationView.swift */; };
		A88DCB7528B5D98200E9CD8A /* ReviewView.swift in Sources */ = {isa = PBXBuildFile; fileRef = A88DCB7428B5D98200E9CD8A /* ReviewView.swift */; };
		A88DCB7628B5D98200E9CD8A /* ReviewView.swift in Sources */ = {isa = PBXBuildFile; fileRef = A88DCB7428B5D98200E9CD8A /* ReviewView.swift */; };
		A88DCB7B28B5E30400E9CD8A /* StarsView.swift in Sources */ = {isa = PBXBuildFile; fileRef = A88DCB7A28B5E30400E9CD8A /* StarsView.swift */; };
		A88DCB7C28B5E30400E9CD8A /* StarsView.swift in Sources */ = {isa = PBXBuildFile; fileRef = A88DCB7A28B5E30400E9CD8A /* StarsView.swift */; };
		A88DCB7E28B5E4C900E9CD8A /* SplashReviewView.swift in Sources */ = {isa = PBXBuildFile; fileRef = A88DCB7D28B5E4C900E9CD8A /* SplashReviewView.swift */; };
		A88DCB7F28B5E4C900E9CD8A /* SplashReviewView.swift in Sources */ = {isa = PBXBuildFile; fileRef = A88DCB7D28B5E4C900E9CD8A /* SplashReviewView.swift */; };
		A88DCB8128B5E84900E9CD8A /* AddToPlayListReview.swift in Sources */ = {isa = PBXBuildFile; fileRef = A88DCB8028B5E84900E9CD8A /* AddToPlayListReview.swift */; };
		A88DCB8228B5E84900E9CD8A /* AddToPlayListReview.swift in Sources */ = {isa = PBXBuildFile; fileRef = A88DCB8028B5E84900E9CD8A /* AddToPlayListReview.swift */; };
		A88DCB8428B5EDA000E9CD8A /* PlayListView.swift in Sources */ = {isa = PBXBuildFile; fileRef = A88DCB8328B5EDA000E9CD8A /* PlayListView.swift */; };
		A88DCB8528B5EDA000E9CD8A /* PlayListView.swift in Sources */ = {isa = PBXBuildFile; fileRef = A88DCB8328B5EDA000E9CD8A /* PlayListView.swift */; };
		A88DCB8728B5F2BE00E9CD8A /* CreateNewPlayListView.swift in Sources */ = {isa = PBXBuildFile; fileRef = A88DCB8628B5F2BE00E9CD8A /* CreateNewPlayListView.swift */; };
		A88DCB8828B5F2BE00E9CD8A /* CreateNewPlayListView.swift in Sources */ = {isa = PBXBuildFile; fileRef = A88DCB8628B5F2BE00E9CD8A /* CreateNewPlayListView.swift */; };
		A88DCB8A28B5F9AF00E9CD8A /* SettingsView.swift in Sources */ = {isa = PBXBuildFile; fileRef = A88DCB8928B5F9AF00E9CD8A /* SettingsView.swift */; };
		A88DCB8B28B5F9AF00E9CD8A /* SettingsView.swift in Sources */ = {isa = PBXBuildFile; fileRef = A88DCB8928B5F9AF00E9CD8A /* SettingsView.swift */; };
		A88DCB8D28B6026900E9CD8A /* EditProfileView.swift in Sources */ = {isa = PBXBuildFile; fileRef = A88DCB8C28B6026900E9CD8A /* EditProfileView.swift */; };
		A88DCB8E28B6026900E9CD8A /* EditProfileView.swift in Sources */ = {isa = PBXBuildFile; fileRef = A88DCB8C28B6026900E9CD8A /* EditProfileView.swift */; };
/* End PBXBuildFile section */

/* Begin PBXFileReference section */
		A87651B328B3D29C00AFC95D /* AudityAppMobileApp.swift */ = {isa = PBXFileReference; lastKnownFileType = sourcecode.swift; path = AudityAppMobileApp.swift; sourceTree = "<group>"; };
		A87651B428B3D29C00AFC95D /* ContentView.swift */ = {isa = PBXFileReference; lastKnownFileType = sourcecode.swift; path = ContentView.swift; sourceTree = "<group>"; };
		A87651B528B3D29E00AFC95D /* Assets.xcassets */ = {isa = PBXFileReference; lastKnownFileType = folder.assetcatalog; path = Assets.xcassets; sourceTree = "<group>"; };
		A87651BA28B3D29E00AFC95D /* AudityAppMobile.app */ = {isa = PBXFileReference; explicitFileType = wrapper.application; includeInIndex = 0; path = AudityAppMobile.app; sourceTree = BUILT_PRODUCTS_DIR; };
		A87651C028B3D29E00AFC95D /* AudityAppMobile.app */ = {isa = PBXFileReference; explicitFileType = wrapper.application; includeInIndex = 0; path = AudityAppMobile.app; sourceTree = BUILT_PRODUCTS_DIR; };
		A87651C228B3D29E00AFC95D /* macOS.entitlements */ = {isa = PBXFileReference; lastKnownFileType = text.plist.entitlements; path = macOS.entitlements; sourceTree = "<group>"; };
		A87651D128B3F06B00AFC95D /* RegisterView.swift */ = {isa = PBXFileReference; lastKnownFileType = sourcecode.swift; path = RegisterView.swift; sourceTree = "<group>"; };
		A87651D428B3F8E100AFC95D /* HomeView.swift */ = {isa = PBXFileReference; lastKnownFileType = sourcecode.swift; path = HomeView.swift; sourceTree = "<group>"; };
		A87651D728B420F400AFC95D /* AudioBookView.swift */ = {isa = PBXFileReference; lastKnownFileType = sourcecode.swift; path = AudioBookView.swift; sourceTree = "<group>"; };
		A87651DA28B423AC00AFC95D /* ActionBarMenuView.swift */ = {isa = PBXFileReference; lastKnownFileType = sourcecode.swift; path = ActionBarMenuView.swift; sourceTree = "<group>"; };
		A87651DD28B42E1E00AFC95D /* SplashScreenView.swift */ = {isa = PBXFileReference; lastKnownFileType = sourcecode.swift; path = SplashScreenView.swift; sourceTree = "<group>"; };
		A88DCB6E28B4342400E9CD8A /* ReproductorView.swift */ = {isa = PBXFileReference; lastKnownFileType = sourcecode.swift; path = ReproductorView.swift; sourceTree = "<group>"; };
		A88DCB7128B52AD500E9CD8A /* MoreInformationView.swift */ = {isa = PBXFileReference; lastKnownFileType = sourcecode.swift; path = MoreInformationView.swift; sourceTree = "<group>"; };
		A88DCB7428B5D98200E9CD8A /* ReviewView.swift */ = {isa = PBXFileReference; lastKnownFileType = sourcecode.swift; path = ReviewView.swift; sourceTree = "<group>"; };
		A88DCB7A28B5E30400E9CD8A /* StarsView.swift */ = {isa = PBXFileReference; lastKnownFileType = sourcecode.swift; path = StarsView.swift; sourceTree = "<group>"; };
		A88DCB7D28B5E4C900E9CD8A /* SplashReviewView.swift */ = {isa = PBXFileReference; lastKnownFileType = sourcecode.swift; path = SplashReviewView.swift; sourceTree = "<group>"; };
		A88DCB8028B5E84900E9CD8A /* AddToPlayListReview.swift */ = {isa = PBXFileReference; lastKnownFileType = sourcecode.swift; path = AddToPlayListReview.swift; sourceTree = "<group>"; };
		A88DCB8328B5EDA000E9CD8A /* PlayListView.swift */ = {isa = PBXFileReference; lastKnownFileType = sourcecode.swift; path = PlayListView.swift; sourceTree = "<group>"; };
		A88DCB8628B5F2BE00E9CD8A /* CreateNewPlayListView.swift */ = {isa = PBXFileReference; lastKnownFileType = sourcecode.swift; path = CreateNewPlayListView.swift; sourceTree = "<group>"; };
		A88DCB8928B5F9AF00E9CD8A /* SettingsView.swift */ = {isa = PBXFileReference; lastKnownFileType = sourcecode.swift; path = SettingsView.swift; sourceTree = "<group>"; };
		A88DCB8C28B6026900E9CD8A /* EditProfileView.swift */ = {isa = PBXFileReference; lastKnownFileType = sourcecode.swift; path = EditProfileView.swift; sourceTree = "<group>"; };
/* End PBXFileReference section */

/* Begin PBXFrameworksBuildPhase section */
		A87651B728B3D29E00AFC95D /* Frameworks */ = {
			isa = PBXFrameworksBuildPhase;
			buildActionMask = 2147483647;
			files = (
			);
			runOnlyForDeploymentPostprocessing = 0;
		};
		A87651BD28B3D29E00AFC95D /* Frameworks */ = {
			isa = PBXFrameworksBuildPhase;
			buildActionMask = 2147483647;
			files = (
			);
			runOnlyForDeploymentPostprocessing = 0;
		};
/* End PBXFrameworksBuildPhase section */

/* Begin PBXGroup section */
		A87651AD28B3D29C00AFC95D = {
			isa = PBXGroup;
			children = (
				A87651B228B3D29C00AFC95D /* Shared */,
				A87651C128B3D29E00AFC95D /* macOS */,
				A87651BB28B3D29E00AFC95D /* Products */,
			);
			sourceTree = "<group>";
		};
		A87651B228B3D29C00AFC95D /* Shared */ = {
			isa = PBXGroup;
			children = (
				A87651B328B3D29C00AFC95D /* AudityAppMobileApp.swift */,
				A87651B428B3D29C00AFC95D /* ContentView.swift */,
				A87651D728B420F400AFC95D /* AudioBookView.swift */,
				A87651D128B3F06B00AFC95D /* RegisterView.swift */,
				A87651D428B3F8E100AFC95D /* HomeView.swift */,
				A87651DA28B423AC00AFC95D /* ActionBarMenuView.swift */,
				A87651B528B3D29E00AFC95D /* Assets.xcassets */,
				A87651DD28B42E1E00AFC95D /* SplashScreenView.swift */,
				A88DCB6E28B4342400E9CD8A /* ReproductorView.swift */,
				A88DCB7128B52AD500E9CD8A /* MoreInformationView.swift */,
				A88DCB7428B5D98200E9CD8A /* ReviewView.swift */,
				A88DCB7A28B5E30400E9CD8A /* StarsView.swift */,
				A88DCB7D28B5E4C900E9CD8A /* SplashReviewView.swift */,
				A88DCB8028B5E84900E9CD8A /* AddToPlayListReview.swift */,
				A88DCB8328B5EDA000E9CD8A /* PlayListView.swift */,
				A88DCB8628B5F2BE00E9CD8A /* CreateNewPlayListView.swift */,
				A88DCB8928B5F9AF00E9CD8A /* SettingsView.swift */,
				A88DCB8C28B6026900E9CD8A /* EditProfileView.swift */,
			);
			path = Shared;
			sourceTree = "<group>";
		};
		A87651BB28B3D29E00AFC95D /* Products */ = {
			isa = PBXGroup;
			children = (
				A87651BA28B3D29E00AFC95D /* AudityAppMobile.app */,
				A87651C028B3D29E00AFC95D /* AudityAppMobile.app */,
			);
			name = Products;
			sourceTree = "<group>";
		};
		A87651C128B3D29E00AFC95D /* macOS */ = {
			isa = PBXGroup;
			children = (
				A87651C228B3D29E00AFC95D /* macOS.entitlements */,
			);
			path = macOS;
			sourceTree = "<group>";
		};
/* End PBXGroup section */

/* Begin PBXNativeTarget section */
		A87651B928B3D29E00AFC95D /* AudityAppMobile (iOS) */ = {
			isa = PBXNativeTarget;
			buildConfigurationList = A87651CB28B3D29E00AFC95D /* Build configuration list for PBXNativeTarget "AudityAppMobile (iOS)" */;
			buildPhases = (
				A87651B628B3D29E00AFC95D /* Sources */,
				A87651B728B3D29E00AFC95D /* Frameworks */,
				A87651B828B3D29E00AFC95D /* Resources */,
			);
			buildRules = (
			);
			dependencies = (
			);
			name = "AudityAppMobile (iOS)";
			productName = "AudityAppMobile (iOS)";
			productReference = A87651BA28B3D29E00AFC95D /* AudityAppMobile.app */;
			productType = "com.apple.product-type.application";
		};
		A87651BF28B3D29E00AFC95D /* AudityAppMobile (macOS) */ = {
			isa = PBXNativeTarget;
			buildConfigurationList = A87651CE28B3D29E00AFC95D /* Build configuration list for PBXNativeTarget "AudityAppMobile (macOS)" */;
			buildPhases = (
				A87651BC28B3D29E00AFC95D /* Sources */,
				A87651BD28B3D29E00AFC95D /* Frameworks */,
				A87651BE28B3D29E00AFC95D /* Resources */,
			);
			buildRules = (
			);
			dependencies = (
			);
			name = "AudityAppMobile (macOS)";
			productName = "AudityAppMobile (macOS)";
			productReference = A87651C028B3D29E00AFC95D /* AudityAppMobile.app */;
			productType = "com.apple.product-type.application";
		};
/* End PBXNativeTarget section */

/* Begin PBXProject section */
		A87651AE28B3D29C00AFC95D /* Project object */ = {
			isa = PBXProject;
			attributes = {
				BuildIndependentTargetsInParallel = 1;
				LastSwiftUpdateCheck = 1320;
				LastUpgradeCheck = 1320;
				TargetAttributes = {
					A87651B928B3D29E00AFC95D = {
						CreatedOnToolsVersion = 13.2.1;
					};
					A87651BF28B3D29E00AFC95D = {
						CreatedOnToolsVersion = 13.2.1;
					};
				};
			};
			buildConfigurationList = A87651B128B3D29C00AFC95D /* Build configuration list for PBXProject "AudityAppMobile" */;
			compatibilityVersion = "Xcode 13.0";
			developmentRegion = en;
			hasScannedForEncodings = 0;
			knownRegions = (
				en,
				Base,
			);
			mainGroup = A87651AD28B3D29C00AFC95D;
			productRefGroup = A87651BB28B3D29E00AFC95D /* Products */;
			projectDirPath = "";
			projectRoot = "";
			targets = (
				A87651B928B3D29E00AFC95D /* AudityAppMobile (iOS) */,
				A87651BF28B3D29E00AFC95D /* AudityAppMobile (macOS) */,
			);
		};
/* End PBXProject section */

/* Begin PBXResourcesBuildPhase section */
		A87651B828B3D29E00AFC95D /* Resources */ = {
			isa = PBXResourcesBuildPhase;
			buildActionMask = 2147483647;
			files = (
				A87651C728B3D29E00AFC95D /* Assets.xcassets in Resources */,
			);
			runOnlyForDeploymentPostprocessing = 0;
		};
		A87651BE28B3D29E00AFC95D /* Resources */ = {
			isa = PBXResourcesBuildPhase;
			buildActionMask = 2147483647;
			files = (
				A87651C828B3D29E00AFC95D /* Assets.xcassets in Resources */,
			);
			runOnlyForDeploymentPostprocessing = 0;
		};
/* End PBXResourcesBuildPhase section */

/* Begin PBXSourcesBuildPhase section */
		A87651B628B3D29E00AFC95D /* Sources */ = {
			isa = PBXSourcesBuildPhase;
			buildActionMask = 2147483647;
			files = (
				A88DCB7528B5D98200E9CD8A /* ReviewView.swift in Sources */,
				A88DCB8D28B6026900E9CD8A /* EditProfileView.swift in Sources */,
				A87651DE28B42E1E00AFC95D /* SplashScreenView.swift in Sources */,
				A88DCB8728B5F2BE00E9CD8A /* CreateNewPlayListView.swift in Sources */,
				A87651D228B3F06B00AFC95D /* RegisterView.swift in Sources */,
				A88DCB7228B52AD500E9CD8A /* MoreInformationView.swift in Sources */,
				A87651DB28B423AC00AFC95D /* ActionBarMenuView.swift in Sources */,
				A88DCB7E28B5E4C900E9CD8A /* SplashReviewView.swift in Sources */,
				A88DCB8428B5EDA000E9CD8A /* PlayListView.swift in Sources */,
				A87651D528B3F8E100AFC95D /* HomeView.swift in Sources */,
				A88DCB8A28B5F9AF00E9CD8A /* SettingsView.swift in Sources */,
				A88DCB6F28B4342400E9CD8A /* ReproductorView.swift in Sources */,
				A87651C528B3D29E00AFC95D /* ContentView.swift in Sources */,
				A87651D828B420F400AFC95D /* AudioBookView.swift in Sources */,
				A88DCB8128B5E84900E9CD8A /* AddToPlayListReview.swift in Sources */,
				A88DCB7B28B5E30400E9CD8A /* StarsView.swift in Sources */,
				A87651C328B3D29E00AFC95D /* AudityAppMobileApp.swift in Sources */,
			);
			runOnlyForDeploymentPostprocessing = 0;
		};
		A87651BC28B3D29E00AFC95D /* Sources */ = {
			isa = PBXSourcesBuildPhase;
			buildActionMask = 2147483647;
			files = (
				A88DCB7628B5D98200E9CD8A /* ReviewView.swift in Sources */,
				A88DCB8E28B6026900E9CD8A /* EditProfileView.swift in Sources */,
				A87651DF28B42E1E00AFC95D /* SplashScreenView.swift in Sources */,
				A88DCB8828B5F2BE00E9CD8A /* CreateNewPlayListView.swift in Sources */,
				A87651D328B3F06B00AFC95D /* RegisterView.swift in Sources */,
				A88DCB7328B52AD500E9CD8A /* MoreInformationView.swift in Sources */,
				A87651DC28B423AC00AFC95D /* ActionBarMenuView.swift in Sources */,
				A88DCB7F28B5E4C900E9CD8A /* SplashReviewView.swift in Sources */,
				A88DCB8528B5EDA000E9CD8A /* PlayListView.swift in Sources */,
				A87651D628B3F8E100AFC95D /* HomeView.swift in Sources */,
				A88DCB8B28B5F9AF00E9CD8A /* SettingsView.swift in Sources */,
				A88DCB7028B4342400E9CD8A /* ReproductorView.swift in Sources */,
				A87651C628B3D29E00AFC95D /* ContentView.swift in Sources */,
				A87651D928B420F400AFC95D /* AudioBookView.swift in Sources */,
				A88DCB8228B5E84900E9CD8A /* AddToPlayListReview.swift in Sources */,
				A88DCB7C28B5E30400E9CD8A /* StarsView.swift in Sources */,
				A87651C428B3D29E00AFC95D /* AudityAppMobileApp.swift in Sources */,
			);
			runOnlyForDeploymentPostprocessing = 0;
		};
/* End PBXSourcesBuildPhase section */

/* Begin XCBuildConfiguration section */
		A87651C928B3D29E00AFC95D /* Debug */ = {
			isa = XCBuildConfiguration;
			buildSettings = {
				ALWAYS_SEARCH_USER_PATHS = NO;
				CLANG_ANALYZER_NONNULL = YES;
				CLANG_ANALYZER_NUMBER_OBJECT_CONVERSION = YES_AGGRESSIVE;
				CLANG_CXX_LANGUAGE_STANDARD = "gnu++17";
				CLANG_CXX_LIBRARY = "libc++";
				CLANG_ENABLE_MODULES = YES;
				CLANG_ENABLE_OBJC_ARC = YES;
				CLANG_ENABLE_OBJC_WEAK = YES;
				CLANG_WARN_BLOCK_CAPTURE_AUTORELEASING = YES;
				CLANG_WARN_BOOL_CONVERSION = YES;
				CLANG_WARN_COMMA = YES;
				CLANG_WARN_CONSTANT_CONVERSION = YES;
				CLANG_WARN_DEPRECATED_OBJC_IMPLEMENTATIONS = YES;
				CLANG_WARN_DIRECT_OBJC_ISA_USAGE = YES_ERROR;
				CLANG_WARN_DOCUMENTATION_COMMENTS = YES;
				CLANG_WARN_EMPTY_BODY = YES;
				CLANG_WARN_ENUM_CONVERSION = YES;
				CLANG_WARN_INFINITE_RECURSION = YES;
				CLANG_WARN_INT_CONVERSION = YES;
				CLANG_WARN_NON_LITERAL_NULL_CONVERSION = YES;
				CLANG_WARN_OBJC_IMPLICIT_RETAIN_SELF = YES;
				CLANG_WARN_OBJC_LITERAL_CONVERSION = YES;
				CLANG_WARN_OBJC_ROOT_CLASS = YES_ERROR;
				CLANG_WARN_QUOTED_INCLUDE_IN_FRAMEWORK_HEADER = YES;
				CLANG_WARN_RANGE_LOOP_ANALYSIS = YES;
				CLANG_WARN_STRICT_PROTOTYPES = YES;
				CLANG_WARN_SUSPICIOUS_MOVE = YES;
				CLANG_WARN_UNGUARDED_AVAILABILITY = YES_AGGRESSIVE;
				CLANG_WARN_UNREACHABLE_CODE = YES;
				CLANG_WARN__DUPLICATE_METHOD_MATCH = YES;
				COPY_PHASE_STRIP = NO;
				DEBUG_INFORMATION_FORMAT = dwarf;
				ENABLE_STRICT_OBJC_MSGSEND = YES;
				ENABLE_TESTABILITY = YES;
				GCC_C_LANGUAGE_STANDARD = gnu11;
				GCC_DYNAMIC_NO_PIC = NO;
				GCC_NO_COMMON_BLOCKS = YES;
				GCC_OPTIMIZATION_LEVEL = 0;
				GCC_PREPROCESSOR_DEFINITIONS = (
					"DEBUG=1",
					"$(inherited)",
				);
				GCC_WARN_64_TO_32_BIT_CONVERSION = YES;
				GCC_WARN_ABOUT_RETURN_TYPE = YES_ERROR;
				GCC_WARN_UNDECLARED_SELECTOR = YES;
				GCC_WARN_UNINITIALIZED_AUTOS = YES_AGGRESSIVE;
				GCC_WARN_UNUSED_FUNCTION = YES;
				GCC_WARN_UNUSED_VARIABLE = YES;
				MTL_ENABLE_DEBUG_INFO = INCLUDE_SOURCE;
				MTL_FAST_MATH = YES;
				ONLY_ACTIVE_ARCH = YES;
				SWIFT_ACTIVE_COMPILATION_CONDITIONS = DEBUG;
				SWIFT_OPTIMIZATION_LEVEL = "-Onone";
			};
			name = Debug;
		};
		A87651CA28B3D29E00AFC95D /* Release */ = {
			isa = XCBuildConfiguration;
			buildSettings = {
				ALWAYS_SEARCH_USER_PATHS = NO;
				CLANG_ANALYZER_NONNULL = YES;
				CLANG_ANALYZER_NUMBER_OBJECT_CONVERSION = YES_AGGRESSIVE;
				CLANG_CXX_LANGUAGE_STANDARD = "gnu++17";
				CLANG_CXX_LIBRARY = "libc++";
				CLANG_ENABLE_MODULES = YES;
				CLANG_ENABLE_OBJC_ARC = YES;
				CLANG_ENABLE_OBJC_WEAK = YES;
				CLANG_WARN_BLOCK_CAPTURE_AUTORELEASING = YES;
				CLANG_WARN_BOOL_CONVERSION = YES;
				CLANG_WARN_COMMA = YES;
				CLANG_WARN_CONSTANT_CONVERSION = YES;
				CLANG_WARN_DEPRECATED_OBJC_IMPLEMENTATIONS = YES;
				CLANG_WARN_DIRECT_OBJC_ISA_USAGE = YES_ERROR;
				CLANG_WARN_DOCUMENTATION_COMMENTS = YES;
				CLANG_WARN_EMPTY_BODY = YES;
				CLANG_WARN_ENUM_CONVERSION = YES;
				CLANG_WARN_INFINITE_RECURSION = YES;
				CLANG_WARN_INT_CONVERSION = YES;
				CLANG_WARN_NON_LITERAL_NULL_CONVERSION = YES;
				CLANG_WARN_OBJC_IMPLICIT_RETAIN_SELF = YES;
				CLANG_WARN_OBJC_LITERAL_CONVERSION = YES;
				CLANG_WARN_OBJC_ROOT_CLASS = YES_ERROR;
				CLANG_WARN_QUOTED_INCLUDE_IN_FRAMEWORK_HEADER = YES;
				CLANG_WARN_RANGE_LOOP_ANALYSIS = YES;
				CLANG_WARN_STRICT_PROTOTYPES = YES;
				CLANG_WARN_SUSPICIOUS_MOVE = YES;
				CLANG_WARN_UNGUARDED_AVAILABILITY = YES_AGGRESSIVE;
				CLANG_WARN_UNREACHABLE_CODE = YES;
				CLANG_WARN__DUPLICATE_METHOD_MATCH = YES;
				COPY_PHASE_STRIP = NO;
				DEBUG_INFORMATION_FORMAT = "dwarf-with-dsym";
				ENABLE_NS_ASSERTIONS = NO;
				ENABLE_STRICT_OBJC_MSGSEND = YES;
				GCC_C_LANGUAGE_STANDARD = gnu11;
				GCC_NO_COMMON_BLOCKS = YES;
				GCC_WARN_64_TO_32_BIT_CONVERSION = YES;
				GCC_WARN_ABOUT_RETURN_TYPE = YES_ERROR;
				GCC_WARN_UNDECLARED_SELECTOR = YES;
				GCC_WARN_UNINITIALIZED_AUTOS = YES_AGGRESSIVE;
				GCC_WARN_UNUSED_FUNCTION = YES;
				GCC_WARN_UNUSED_VARIABLE = YES;
				MTL_ENABLE_DEBUG_INFO = NO;
				MTL_FAST_MATH = YES;
				SWIFT_COMPILATION_MODE = wholemodule;
				SWIFT_OPTIMIZATION_LEVEL = "-O";
			};
			name = Release;
		};
		A87651CC28B3D29E00AFC95D /* Debug */ = {
			isa = XCBuildConfiguration;
			buildSettings = {
				ASSETCATALOG_COMPILER_APPICON_NAME = AppIcon;
				ASSETCATALOG_COMPILER_GLOBAL_ACCENT_COLOR_NAME = AccentColor;
				CODE_SIGN_STYLE = Automatic;
				CURRENT_PROJECT_VERSION = 1;
				ENABLE_PREVIEWS = YES;
				GENERATE_INFOPLIST_FILE = YES;
				INFOPLIST_KEY_UIApplicationSceneManifest_Generation = YES;
				INFOPLIST_KEY_UIApplicationSupportsIndirectInputEvents = YES;
				INFOPLIST_KEY_UILaunchScreen_Generation = YES;
				INFOPLIST_KEY_UISupportedInterfaceOrientations_iPad = "UIInterfaceOrientationPortrait UIInterfaceOrientationPortraitUpsideDown UIInterfaceOrientationLandscapeLeft UIInterfaceOrientationLandscapeRight";
				INFOPLIST_KEY_UISupportedInterfaceOrientations_iPhone = "UIInterfaceOrientationPortrait UIInterfaceOrientationLandscapeLeft UIInterfaceOrientationLandscapeRight";
				IPHONEOS_DEPLOYMENT_TARGET = 15.2;
				LD_RUNPATH_SEARCH_PATHS = (
					"$(inherited)",
					"@executable_path/Frameworks",
				);
				MARKETING_VERSION = 1.0;
				PRODUCT_BUNDLE_IDENTIFIER = com.thesis.audity.AudityAppMobile;
				PRODUCT_NAME = AudityAppMobile;
				SDKROOT = iphoneos;
				SWIFT_EMIT_LOC_STRINGS = YES;
				SWIFT_VERSION = 5.0;
				TARGETED_DEVICE_FAMILY = "1,2";
			};
			name = Debug;
		};
		A87651CD28B3D29E00AFC95D /* Release */ = {
			isa = XCBuildConfiguration;
			buildSettings = {
				ASSETCATALOG_COMPILER_APPICON_NAME = AppIcon;
				ASSETCATALOG_COMPILER_GLOBAL_ACCENT_COLOR_NAME = AccentColor;
				CODE_SIGN_STYLE = Automatic;
				CURRENT_PROJECT_VERSION = 1;
				ENABLE_PREVIEWS = YES;
				GENERATE_INFOPLIST_FILE = YES;
				INFOPLIST_KEY_UIApplicationSceneManifest_Generation = YES;
				INFOPLIST_KEY_UIApplicationSupportsIndirectInputEvents = YES;
				INFOPLIST_KEY_UILaunchScreen_Generation = YES;
				INFOPLIST_KEY_UISupportedInterfaceOrientations_iPad = "UIInterfaceOrientationPortrait UIInterfaceOrientationPortraitUpsideDown UIInterfaceOrientationLandscapeLeft UIInterfaceOrientationLandscapeRight";
				INFOPLIST_KEY_UISupportedInterfaceOrientations_iPhone = "UIInterfaceOrientationPortrait UIInterfaceOrientationLandscapeLeft UIInterfaceOrientationLandscapeRight";
				IPHONEOS_DEPLOYMENT_TARGET = 15.2;
				LD_RUNPATH_SEARCH_PATHS = (
					"$(inherited)",
					"@executable_path/Frameworks",
				);
				MARKETING_VERSION = 1.0;
				PRODUCT_BUNDLE_IDENTIFIER = com.thesis.audity.AudityAppMobile;
				PRODUCT_NAME = AudityAppMobile;
				SDKROOT = iphoneos;
				SWIFT_EMIT_LOC_STRINGS = YES;
				SWIFT_VERSION = 5.0;
				TARGETED_DEVICE_FAMILY = "1,2";
				VALIDATE_PRODUCT = YES;
			};
			name = Release;
		};
		A87651CF28B3D29E00AFC95D /* Debug */ = {
			isa = XCBuildConfiguration;
			buildSettings = {
				ASSETCATALOG_COMPILER_APPICON_NAME = AppIcon;
				ASSETCATALOG_COMPILER_GLOBAL_ACCENT_COLOR_NAME = AccentColor;
				CODE_SIGN_ENTITLEMENTS = macOS/macOS.entitlements;
				CODE_SIGN_STYLE = Automatic;
				COMBINE_HIDPI_IMAGES = YES;
				CURRENT_PROJECT_VERSION = 1;
				ENABLE_PREVIEWS = YES;
				GENERATE_INFOPLIST_FILE = YES;
				INFOPLIST_KEY_NSHumanReadableCopyright = "";
				LD_RUNPATH_SEARCH_PATHS = (
					"$(inherited)",
					"@executable_path/../Frameworks",
				);
				MACOSX_DEPLOYMENT_TARGET = 11.4;
				MARKETING_VERSION = 1.0;
				PRODUCT_BUNDLE_IDENTIFIER = com.thesis.audity.AudityAppMobile;
				PRODUCT_NAME = AudityAppMobile;
				SDKROOT = macosx;
				SWIFT_EMIT_LOC_STRINGS = YES;
				SWIFT_VERSION = 5.0;
			};
			name = Debug;
		};
		A87651D028B3D29E00AFC95D /* Release */ = {
			isa = XCBuildConfiguration;
			buildSettings = {
				ASSETCATALOG_COMPILER_APPICON_NAME = AppIcon;
				ASSETCATALOG_COMPILER_GLOBAL_ACCENT_COLOR_NAME = AccentColor;
				CODE_SIGN_ENTITLEMENTS = macOS/macOS.entitlements;
				CODE_SIGN_STYLE = Automatic;
				COMBINE_HIDPI_IMAGES = YES;
				CURRENT_PROJECT_VERSION = 1;
				ENABLE_PREVIEWS = YES;
				GENERATE_INFOPLIST_FILE = YES;
				INFOPLIST_KEY_NSHumanReadableCopyright = "";
				LD_RUNPATH_SEARCH_PATHS = (
					"$(inherited)",
					"@executable_path/../Frameworks",
				);
				MACOSX_DEPLOYMENT_TARGET = 11.4;
				MARKETING_VERSION = 1.0;
				PRODUCT_BUNDLE_IDENTIFIER = com.thesis.audity.AudityAppMobile;
				PRODUCT_NAME = AudityAppMobile;
				SDKROOT = macosx;
				SWIFT_EMIT_LOC_STRINGS = YES;
				SWIFT_VERSION = 5.0;
			};
			name = Release;
		};
/* End XCBuildConfiguration section */

/* Begin XCConfigurationList section */
		A87651B128B3D29C00AFC95D /* Build configuration list for PBXProject "AudityAppMobile" */ = {
			isa = XCConfigurationList;
			buildConfigurations = (
				A87651C928B3D29E00AFC95D /* Debug */,
				A87651CA28B3D29E00AFC95D /* Release */,
			);
			defaultConfigurationIsVisible = 0;
			defaultConfigurationName = Release;
		};
		A87651CB28B3D29E00AFC95D /* Build configuration list for PBXNativeTarget "AudityAppMobile (iOS)" */ = {
			isa = XCConfigurationList;
			buildConfigurations = (
				A87651CC28B3D29E00AFC95D /* Debug */,
				A87651CD28B3D29E00AFC95D /* Release */,
			);
			defaultConfigurationIsVisible = 0;
			defaultConfigurationName = Release;
		};
		A87651CE28B3D29E00AFC95D /* Build configuration list for PBXNativeTarget "AudityAppMobile (macOS)" */ = {
			isa = XCConfigurationList;
			buildConfigurations = (
				A87651CF28B3D29E00AFC95D /* Debug */,
				A87651D028B3D29E00AFC95D /* Release */,
			);
			defaultConfigurationIsVisible = 0;
			defaultConfigurationName = Release;
		};
/* End XCConfigurationList section */
	};
	rootObject = A87651AE28B3D29C00AFC95D /* Project object */;
}
